// !$*UTF8*$!
{
	archiveVersion = 1;
	classes = {
	};
	objectVersion = 46;
	objects = {

/* Begin PBXBuildFile section */
		8F753E3A3AD7453B84B997E0 /* libPods.a in Frameworks */ = {isa = PBXBuildFile; fileRef = DE7A9E11FB0845E7B39C747D /* libPods.a */; };
		EB0C5288193F25E500B621AD /* Images.xcassets in Resources */ = {isa = PBXBuildFile; fileRef = EB0C5287193F25E500B621AD /* Images.xcassets */; };
		EB0C528A193F346600B621AD /* locked_card.png in Resources */ = {isa = PBXBuildFile; fileRef = EB0C5289193F346600B621AD /* locked_card.png */; };
		EB0C52961940994200B621AD /* H7CardSinglton.m in Sources */ = {isa = PBXBuildFile; fileRef = EB0C52951940994200B621AD /* H7CardSinglton.m */; };
		EB1A3BF318E22486009F51BA /* Foundation.framework in Frameworks */ = {isa = PBXBuildFile; fileRef = EB1A3BF218E22486009F51BA /* Foundation.framework */; };
		EB1A3BF518E22487009F51BA /* CoreGraphics.framework in Frameworks */ = {isa = PBXBuildFile; fileRef = EB1A3BF418E22487009F51BA /* CoreGraphics.framework */; };
		EB1A3BF718E22487009F51BA /* UIKit.framework in Frameworks */ = {isa = PBXBuildFile; fileRef = EB1A3BF618E22487009F51BA /* UIKit.framework */; };
		EB1A3BF918E22487009F51BA /* CoreData.framework in Frameworks */ = {isa = PBXBuildFile; fileRef = EB1A3BF818E22487009F51BA /* CoreData.framework */; };
		EB1A3BFF18E22487009F51BA /* InfoPlist.strings in Resources */ = {isa = PBXBuildFile; fileRef = EB1A3BFD18E22487009F51BA /* InfoPlist.strings */; };
		EB1A3C0118E22487009F51BA /* main.m in Sources */ = {isa = PBXBuildFile; fileRef = EB1A3C0018E22487009F51BA /* main.m */; };
		EB1A3C0518E22487009F51BA /* H7AppDelegate.m in Sources */ = {isa = PBXBuildFile; fileRef = EB1A3C0418E22487009F51BA /* H7AppDelegate.m */; };
		EB1A3C0818E22487009F51BA /* TheColorsConcorenza.xcdatamodeld in Sources */ = {isa = PBXBuildFile; fileRef = EB1A3C0618E22487009F51BA /* TheColorsConcorenza.xcdatamodeld */; };
		EB1A3C1118E22487009F51BA /* XCTest.framework in Frameworks */ = {isa = PBXBuildFile; fileRef = EB1A3C1018E22487009F51BA /* XCTest.framework */; };
		EB1A3C1218E22487009F51BA /* Foundation.framework in Frameworks */ = {isa = PBXBuildFile; fileRef = EB1A3BF218E22486009F51BA /* Foundation.framework */; };
		EB1A3C1318E22487009F51BA /* UIKit.framework in Frameworks */ = {isa = PBXBuildFile; fileRef = EB1A3BF618E22487009F51BA /* UIKit.framework */; };
		EB1A3C1418E22487009F51BA /* CoreData.framework in Frameworks */ = {isa = PBXBuildFile; fileRef = EB1A3BF818E22487009F51BA /* CoreData.framework */; };
		EB1A3C1C18E22487009F51BA /* InfoPlist.strings in Resources */ = {isa = PBXBuildFile; fileRef = EB1A3C1A18E22487009F51BA /* InfoPlist.strings */; };
		EB1A3C1E18E22487009F51BA /* TheColorsConcorenzaTests.m in Sources */ = {isa = PBXBuildFile; fileRef = EB1A3C1D18E22487009F51BA /* TheColorsConcorenzaTests.m */; };
		EB1A3C2818E2249E009F51BA /* Main.storyboard in Resources */ = {isa = PBXBuildFile; fileRef = EB1A3C2718E2249E009F51BA /* Main.storyboard */; };
		EB1AD500193DC80C00F84229 /* Bird1.png in Resources */ = {isa = PBXBuildFile; fileRef = EB1AD4FF193DC80C00F84229 /* Bird1.png */; };
		EB1AD504193DC8E200F84229 /* Bird2.png in Resources */ = {isa = PBXBuildFile; fileRef = EB1AD503193DC8E200F84229 /* Bird2.png */; };
		EB1AD585193DCD8D00F84229 /* F3HNumberTileGameViewController.m in Sources */ = {isa = PBXBuildFile; fileRef = EB1AD56B193DCD8D00F84229 /* F3HNumberTileGameViewController.m */; };
		EB1AD586193DCD8D00F84229 /* F3HTileAppearanceProvider.m in Sources */ = {isa = PBXBuildFile; fileRef = EB1AD56D193DCD8D00F84229 /* F3HTileAppearanceProvider.m */; };
		EB1AD587193DCD8D00F84229 /* F3HViewController.m in Sources */ = {isa = PBXBuildFile; fileRef = EB1AD56F193DCD8D00F84229 /* F3HViewController.m */; };
		EB1AD588193DCD8D00F84229 /* F3HGameModel.m in Sources */ = {isa = PBXBuildFile; fileRef = EB1AD572193DCD8D00F84229 /* F3HGameModel.m */; };
		EB1AD589193DCD8D00F84229 /* F3HMergeTile.m in Sources */ = {isa = PBXBuildFile; fileRef = EB1AD574193DCD8D00F84229 /* F3HMergeTile.m */; };
		EB1AD58A193DCD8D00F84229 /* F3HMoveOrder.m in Sources */ = {isa = PBXBuildFile; fileRef = EB1AD576193DCD8D00F84229 /* F3HMoveOrder.m */; };
		EB1AD58B193DCD8D00F84229 /* F3HQueueCommand.m in Sources */ = {isa = PBXBuildFile; fileRef = EB1AD578193DCD8D00F84229 /* F3HQueueCommand.m */; };
		EB1AD58C193DCD8D00F84229 /* F3HTileModel.m in Sources */ = {isa = PBXBuildFile; fileRef = EB1AD57A193DCD8D00F84229 /* F3HTileModel.m */; };
		EB1AD58D193DCD8D00F84229 /* F3HControlView.m in Sources */ = {isa = PBXBuildFile; fileRef = EB1AD57D193DCD8D00F84229 /* F3HControlView.m */; };
		EB1AD58E193DCD8D00F84229 /* F3HGameboardView.m in Sources */ = {isa = PBXBuildFile; fileRef = EB1AD57F193DCD8D00F84229 /* F3HGameboardView.m */; };
		EB1AD58F193DCD8D00F84229 /* F3HScoreView.m in Sources */ = {isa = PBXBuildFile; fileRef = EB1AD581193DCD8D00F84229 /* F3HScoreView.m */; };
		EB1AD590193DCD8D00F84229 /* F3HTileView.m in Sources */ = {isa = PBXBuildFile; fileRef = EB1AD583193DCD8D00F84229 /* F3HTileView.m */; };
		EB4A13EC1949C1F900A10889 /* bg_all_5.png in Resources */ = {isa = PBXBuildFile; fileRef = EB4A13EB1949C1F900A10889 /* bg_all_5.png */; };
		EB65A1F518FC25C800AAAAB4 /* H7TabBarController.m in Sources */ = {isa = PBXBuildFile; fileRef = EB65A1F418FC25C700AAAAB4 /* H7TabBarController.m */; };
		EB66170C194EF85400E33FA5 /* H7MosalslatQuizStart.m in Sources */ = {isa = PBXBuildFile; fileRef = EB66170B194EF85400E33FA5 /* H7MosalslatQuizStart.m */; };
		EB75D3ED194F3E200076628E /* H7choicesCell.m in Sources */ = {isa = PBXBuildFile; fileRef = EB75D3EC194F3E200076628E /* H7choicesCell.m */; };
		EB75D3EF1950F38F0076628E /* me_bg_5.png in Resources */ = {isa = PBXBuildFile; fileRef = EB75D3EE1950F38F0076628E /* me_bg_5.png */; };
		EB7BBA881917A32C00280FAB /* H7ScoreboardCell.m in Sources */ = {isa = PBXBuildFile; fileRef = EB7BBA871917A32C00280FAB /* H7ScoreboardCell.m */; };
		EB9933E118F2EF9000EE700C /* H7NotificationCell.m in Sources */ = {isa = PBXBuildFile; fileRef = EB9933E018F2EF9000EE700C /* H7NotificationCell.m */; };
		EB9C41B4193765C600549830 /* cards.json in Resources */ = {isa = PBXBuildFile; fileRef = EB9C41B3193765C500549830 /* cards.json */; };
		EB9C41B6193765E100549830 /* sponsor.json in Resources */ = {isa = PBXBuildFile; fileRef = EB9C41B5193765E100549830 /* sponsor.json */; };
		EB9C4413193C66F900549830 /* SpriteKit.framework in Frameworks */ = {isa = PBXBuildFile; fileRef = EB9C4412193C66F900549830 /* SpriteKit.framework */; };
		EB9C449A193CBFD000549830 /* Ground.png in Resources */ = {isa = PBXBuildFile; fileRef = EB9C4491193CBFD000549830 /* Ground.png */; };
		EB9C449C193CBFD000549830 /* Pipe1.png in Resources */ = {isa = PBXBuildFile; fileRef = EB9C4494193CBFD000549830 /* Pipe1.png */; };
		EB9C449D193CBFD000549830 /* Pipe2.png in Resources */ = {isa = PBXBuildFile; fileRef = EB9C4495193CBFD000549830 /* Pipe2.png */; };
		EB9C449E193CBFD000549830 /* Skyline.png in Resources */ = {isa = PBXBuildFile; fileRef = EB9C4496193CBFD000549830 /* Skyline.png */; };
		EB9C44A1193CC14B00549830 /* FFViewController.m in Sources */ = {isa = PBXBuildFile; fileRef = EB9C44A0193CC14B00549830 /* FFViewController.m */; };
		EB9C44A4193CC26600549830 /* FFScene.m in Sources */ = {isa = PBXBuildFile; fileRef = EB9C44A3193CC26600549830 /* FFScene.m */; };
		EB9FAB0A196034EF007595E8 /* bottle.png in Resources */ = {isa = PBXBuildFile; fileRef = EB9FAB08196034EF007595E8 /* bottle.png */; };
		EB9FAB0B196034EF007595E8 /* bottle_glow.png in Resources */ = {isa = PBXBuildFile; fileRef = EB9FAB09196034EF007595E8 /* bottle_glow.png */; };
		EBAA09E118F591AD00C6985B /* H7ConstantsModel.m in Sources */ = {isa = PBXBuildFile; fileRef = EBAA09E018F591AD00C6985B /* H7ConstantsModel.m */; };
		EBAA09F318F6C24C00C6985B /* H7AddDataToManagedObject.m in Sources */ = {isa = PBXBuildFile; fileRef = EBAA09F218F6C24C00C6985B /* H7AddDataToManagedObject.m */; };
		EBAA09F918F6E27000C6985B /* H7UIViewController.m in Sources */ = {isa = PBXBuildFile; fileRef = EBAA09F818F6E27000C6985B /* H7UIViewController.m */; };
		EBAA09FB18F6EB5D00C6985B /* FacebookSDK.framework in Frameworks */ = {isa = PBXBuildFile; fileRef = EBAA09FA18F6EB5D00C6985B /* FacebookSDK.framework */; };
		EBAA37C81956D05100ED17A3 /* Level_0.json in Resources */ = {isa = PBXBuildFile; fileRef = EBAA37AD1956D05100ED17A3 /* Level_0.json */; };
		EBAA37C91956D05100ED17A3 /* Level_1.json in Resources */ = {isa = PBXBuildFile; fileRef = EBAA37AE1956D05100ED17A3 /* Level_1.json */; };
		EBAA37CA1956D05100ED17A3 /* Level_2.json in Resources */ = {isa = PBXBuildFile; fileRef = EBAA37AF1956D05100ED17A3 /* Level_2.json */; };
		EBAA37CB1956D05100ED17A3 /* Level_3.json in Resources */ = {isa = PBXBuildFile; fileRef = EBAA37B01956D05100ED17A3 /* Level_3.json */; };
		EBAA37CC1956D05100ED17A3 /* Level_4.json in Resources */ = {isa = PBXBuildFile; fileRef = EBAA37B11956D05100ED17A3 /* Level_4.json */; };
		EBAA37CE1956D05100ED17A3 /* MyScene.m in Sources */ = {isa = PBXBuildFile; fileRef = EBAA37B41956D05100ED17A3 /* MyScene.m */; };
		EBAA37CF1956D05100ED17A3 /* RWTChain.m in Sources */ = {isa = PBXBuildFile; fileRef = EBAA37B61956D05100ED17A3 /* RWTChain.m */; };
		EBAA37D01956D05100ED17A3 /* RWTCookie.m in Sources */ = {isa = PBXBuildFile; fileRef = EBAA37B81956D05100ED17A3 /* RWTCookie.m */; };
		EBAA37D11956D05100ED17A3 /* RWTLevel.m in Sources */ = {isa = PBXBuildFile; fileRef = EBAA37BA1956D05100ED17A3 /* RWTLevel.m */; };
		EBAA37D21956D05100ED17A3 /* RWTSwap.m in Sources */ = {isa = PBXBuildFile; fileRef = EBAA37BC1956D05100ED17A3 /* RWTSwap.m */; };
		EBAA37D31956D05100ED17A3 /* RWTTile.m in Sources */ = {isa = PBXBuildFile; fileRef = EBAA37BE1956D05100ED17A3 /* RWTTile.m */; };
		EBAA37D41956D05100ED17A3 /* Chomp.wav in Resources */ = {isa = PBXBuildFile; fileRef = EBAA37C01956D05100ED17A3 /* Chomp.wav */; };
		EBAA37D51956D05100ED17A3 /* Drip.wav in Resources */ = {isa = PBXBuildFile; fileRef = EBAA37C11956D05100ED17A3 /* Drip.wav */; };
		EBAA37D61956D05100ED17A3 /* Error.wav in Resources */ = {isa = PBXBuildFile; fileRef = EBAA37C21956D05100ED17A3 /* Error.wav */; };
		EBAA37D71956D05100ED17A3 /* Ka-Ching.wav in Resources */ = {isa = PBXBuildFile; fileRef = EBAA37C31956D05100ED17A3 /* Ka-Ching.wav */; };
		EBAA37D81956D05100ED17A3 /* Mining by Moonlight.mp3 in Resources */ = {isa = PBXBuildFile; fileRef = EBAA37C41956D05100ED17A3 /* Mining by Moonlight.mp3 */; };
		EBAA37D91956D05100ED17A3 /* Scrape.wav in Resources */ = {isa = PBXBuildFile; fileRef = EBAA37C51956D05100ED17A3 /* Scrape.wav */; };
		EBAA37DA1956D05100ED17A3 /* ViewController.m in Sources */ = {isa = PBXBuildFile; fileRef = EBAA37C71956D05100ED17A3 /* ViewController.m */; };
		EBAE3C55192CF55600416880 /* AudioToolbox.framework in Frameworks */ = {isa = PBXBuildFile; fileRef = EBAE3C54192CF55600416880 /* AudioToolbox.framework */; };
		EBAE3C57192CF55C00416880 /* CFNetwork.framework in Frameworks */ = {isa = PBXBuildFile; fileRef = EBAE3C56192CF55C00416880 /* CFNetwork.framework */; };
		EBAE3C58192CF56300416880 /* CoreLocation.framework in Frameworks */ = {isa = PBXBuildFile; fileRef = EB0502FB1924BF0100CDE84E /* CoreLocation.framework */; };
		EBAE3C5A192CF56A00416880 /* libz.dylib in Frameworks */ = {isa = PBXBuildFile; fileRef = EBAE3C59192CF56A00416880 /* libz.dylib */; };
		EBAE3C5B192CF56F00416880 /* MobileCoreServices.framework in Frameworks */ = {isa = PBXBuildFile; fileRef = EB0502F31924B8CF00CDE84E /* MobileCoreServices.framework */; };
		EBAE3C5D192CF57500416880 /* QuartzCore.framework in Frameworks */ = {isa = PBXBuildFile; fileRef = EBAE3C5C192CF57500416880 /* QuartzCore.framework */; };
		EBAE3C5F192CF57A00416880 /* Security.framework in Frameworks */ = {isa = PBXBuildFile; fileRef = EBAE3C5E192CF57A00416880 /* Security.framework */; };
		EBAE3C61192CF58100416880 /* StoreKit.framework in Frameworks */ = {isa = PBXBuildFile; fileRef = EBAE3C60192CF58100416880 /* StoreKit.framework */; };
		EBAE3C62192CF58600416880 /* SystemConfiguration.framework in Frameworks */ = {isa = PBXBuildFile; fileRef = EB0502F11924B8C400CDE84E /* SystemConfiguration.framework */; };
		EBAE3CB8193356F200416880 /* H7Shahryar.m in Sources */ = {isa = PBXBuildFile; fileRef = EBAE3CB7193356F200416880 /* H7Shahryar.m */; };
		EBAE3CBB1933571E00416880 /* H7ManElQatel.m in Sources */ = {isa = PBXBuildFile; fileRef = EBAE3CBA1933571E00416880 /* H7ManElQatel.m */; };
		EBAE3CBE1933576300416880 /* H7Mosalslat.m in Sources */ = {isa = PBXBuildFile; fileRef = EBAE3CBD1933576300416880 /* H7Mosalslat.m */; };
		EBAE3CC11933577300416880 /* H7SallySyamak.m in Sources */ = {isa = PBXBuildFile; fileRef = EBAE3CC01933577300416880 /* H7SallySyamak.m */; };
		EBAE3CC81934853600416880 /* H7ManElQatelAudio.m in Sources */ = {isa = PBXBuildFile; fileRef = EBAE3CC71934853600416880 /* H7ManElQatelAudio.m */; };
		EBAE3CCE1934A9CC00416880 /* H7MosalslatQuiz.m in Sources */ = {isa = PBXBuildFile; fileRef = EBAE3CCD1934A9CC00416880 /* H7MosalslatQuiz.m */; };
		EBAE3CD11934BA5000416880 /* H7ShahryarStory.m in Sources */ = {isa = PBXBuildFile; fileRef = EBAE3CD01934BA5000416880 /* H7ShahryarStory.m */; };
		EBAE3E1A1934C74500416880 /* appicon_120.png in Resources */ = {isa = PBXBuildFile; fileRef = EBAE3CD31934C74300416880 /* appicon_120.png */; };
		EBAE3E1B1934C74500416880 /* appicon_58.png in Resources */ = {isa = PBXBuildFile; fileRef = EBAE3CD41934C74300416880 /* appicon_58.png */; };
		EBAE3E1C1934C74500416880 /* appicon_80.png in Resources */ = {isa = PBXBuildFile; fileRef = EBAE3CD51934C74300416880 /* appicon_80.png */; };
		EBAE3E1D1934C74500416880 /* bg_4.png in Resources */ = {isa = PBXBuildFile; fileRef = EBAE3CD61934C74300416880 /* bg_4.png */; };
		EBAE3E1E1934C74500416880 /* bg_5.png in Resources */ = {isa = PBXBuildFile; fileRef = EBAE3CD71934C74300416880 /* bg_5.png */; };
		EBAE3E1F1934C74500416880 /* bg_all_4.png in Resources */ = {isa = PBXBuildFile; fileRef = EBAE3CD81934C74300416880 /* bg_all_4.png */; };
		EBAE3EBB1934C74500416880 /* me_bg_4.png in Resources */ = {isa = PBXBuildFile; fileRef = EBAE3E0A1934C74500416880 /* me_bg_4.png */; };
		EBAE3EBC1934C74500416880 /* me_bg_4_logo.png in Resources */ = {isa = PBXBuildFile; fileRef = EBAE3E0B1934C74500416880 /* me_bg_4_logo.png */; };
		EBAE3EBD1934C74500416880 /* me_bg_4_logo_2.png in Resources */ = {isa = PBXBuildFile; fileRef = EBAE3E0C1934C74500416880 /* me_bg_4_logo_2.png */; };
		EBAE3EBE1934C74500416880 /* nav_bg.png in Resources */ = {isa = PBXBuildFile; fileRef = EBAE3E0D1934C74500416880 /* nav_bg.png */; };
		EBAE3ECF1934C78000416880 /* TabIcons30 in Resources */ = {isa = PBXBuildFile; fileRef = EBAE3ECC1934C78000416880 /* TabIcons30 */; };
		EBB2AC55192A221900FE4844 /* H7SponsorViewController.m in Sources */ = {isa = PBXBuildFile; fileRef = EBB2AC54192A221900FE4844 /* H7SponsorViewController.m */; };
		EBB2AC58192A228E00FE4844 /* H7SponsorTableViewCell.m in Sources */ = {isa = PBXBuildFile; fileRef = EBB2AC57192A228E00FE4844 /* H7SponsorTableViewCell.m */; };
		EBB2AC65192A764A00FE4844 /* H7ProgramViewController.m in Sources */ = {isa = PBXBuildFile; fileRef = EBB2AC64192A764A00FE4844 /* H7ProgramViewController.m */; };
		EBB2ACC3192B5BE300FE4844 /* H7CollectionViewController.m in Sources */ = {isa = PBXBuildFile; fileRef = EBB2ACBA192B5BE300FE4844 /* H7CollectionViewController.m */; };
		EBB2ACC5192B5BE300FE4844 /* H7MeViewController.m in Sources */ = {isa = PBXBuildFile; fileRef = EBB2ACBE192B5BE300FE4844 /* H7MeViewController.m */; };
		EBB2ACC6192B5BE300FE4844 /* H7NotificationViewController.m in Sources */ = {isa = PBXBuildFile; fileRef = EBB2ACC0192B5BE300FE4844 /* H7NotificationViewController.m */; };
		EBB2ACC7192B5BE300FE4844 /* H7ScoreboardViewController.m in Sources */ = {isa = PBXBuildFile; fileRef = EBB2ACC2192B5BE300FE4844 /* H7ScoreboardViewController.m */; };
		EBB2AF13192CA0D200FE4844 /* tamer.jpeg in Resources */ = {isa = PBXBuildFile; fileRef = EBB2AF10192CA0D200FE4844 /* tamer.jpeg */; };
		EBB2AF14192CA0D200FE4844 /* kbeer.jpeg in Resources */ = {isa = PBXBuildFile; fileRef = EBB2AF11192CA0D200FE4844 /* kbeer.jpeg */; };
		EBB2AF15192CA0D200FE4844 /* fara7.jpg in Resources */ = {isa = PBXBuildFile; fileRef = EBB2AF12192CA0D200FE4844 /* fara7.jpg */; };
		EBB8A10D195DA1AA00C83C7F /* FFStartView.m in Sources */ = {isa = PBXBuildFile; fileRef = EBB8A10C195DA1AA00C83C7F /* FFStartView.m */; };
		EBB8A110195DA1BC00C83C7F /* CCStartView.m in Sources */ = {isa = PBXBuildFile; fileRef = EBB8A10F195DA1BC00C83C7F /* CCStartView.m */; };
		EBBF04801944463900AFA2FC /* CategoriesIcons in Resources */ = {isa = PBXBuildFile; fileRef = EBBF047F1944463900AFA2FC /* CategoriesIcons */; };
		EBBF0494194739B800AFA2FC /* vid in Resources */ = {isa = PBXBuildFile; fileRef = EBBF0493194739B800AFA2FC /* vid */; };
		EBC0A1A51958663000D0109A /* Grid.atlas in Resources */ = {isa = PBXBuildFile; fileRef = EBC0A1A31958662F00D0109A /* Grid.atlas */; };
		EBC0A1AA1959C12300D0109A /* logo.png in Resources */ = {isa = PBXBuildFile; fileRef = EBC0A1A91959C12300D0109A /* logo.png */; };
		EBC0E777194DAEBE0081D761 /* H7ShahryarFindTheBottle.m in Sources */ = {isa = PBXBuildFile; fileRef = EBC0E776194DAEBE0081D761 /* H7ShahryarFindTheBottle.m */; };
		EBC3BBD51920ADDD00BCD2B0 /* Notification.m in Sources */ = {isa = PBXBuildFile; fileRef = EBC3BBD41920ADDD00BCD2B0 /* Notification.m */; };
		EBC3BBDB1920AE0600BCD2B0 /* CardAudio.m in Sources */ = {isa = PBXBuildFile; fileRef = EBC3BBDA1920AE0600BCD2B0 /* CardAudio.m */; };
		EBC3BBDE1920AE0600BCD2B0 /* CardImage.m in Sources */ = {isa = PBXBuildFile; fileRef = EBC3BBDD1920AE0600BCD2B0 /* CardImage.m */; };
		EBC3BBE11920AE0700BCD2B0 /* CardGame.m in Sources */ = {isa = PBXBuildFile; fileRef = EBC3BBE01920AE0700BCD2B0 /* CardGame.m */; };
		EBC3BBE41920AE0700BCD2B0 /* CardVideo.m in Sources */ = {isa = PBXBuildFile; fileRef = EBC3BBE31920AE0700BCD2B0 /* CardVideo.m */; };
		EBC457E418FADDCB005ECE37 /* H7FacebookLoginView.m in Sources */ = {isa = PBXBuildFile; fileRef = EBC457E318FADDCB005ECE37 /* H7FacebookLoginView.m */; };
		EBC4F4F718E85A4C00555416 /* H7FavouriteCategoryCell.m in Sources */ = {isa = PBXBuildFile; fileRef = EBC4F4F618E85A4C00555416 /* H7FavouriteCategoryCell.m */; };
		EBD9E8FB196735D000702DBE /* MyCard.m in Sources */ = {isa = PBXBuildFile; fileRef = EBD9E8FA196735D000702DBE /* MyCard.m */; };
		EBD9E8FD1968410100702DBE /* Sprites.atlas in Resources */ = {isa = PBXBuildFile; fileRef = EBD9E8FC1968410100702DBE /* Sprites.atlas */; };
		EBD9E9001968590800702DBE /* H7DownloadShahryarEpisode.m in Sources */ = {isa = PBXBuildFile; fileRef = EBD9E8FF1968590800702DBE /* H7DownloadShahryarEpisode.m */; };
		EBDF1A0E195F285900505D31 /* game1.png in Resources */ = {isa = PBXBuildFile; fileRef = EBDF1A0D195F285900505D31 /* game1.png */; };
		EBE029FF1951988C00DA76FE /* MyCategory.m in Sources */ = {isa = PBXBuildFile; fileRef = EBE029FE1951988C00DA76FE /* MyCategory.m */; };
		EBE02A051952F3C800DA76FE /* SponsorPrograms.m in Sources */ = {isa = PBXBuildFile; fileRef = EBE02A041952F3C800DA76FE /* SponsorPrograms.m */; };
		EBE02A0819530C2000DA76FE /* User.m in Sources */ = {isa = PBXBuildFile; fileRef = EBE02A0719530C2000DA76FE /* User.m */; };
		EBE02A0B1954885A00DA76FE /* Channels.m in Sources */ = {isa = PBXBuildFile; fileRef = EBE02A0A1954885A00DA76FE /* Channels.m */; };
		EBE02A0E19548B2100DA76FE /* H7channelCell.m in Sources */ = {isa = PBXBuildFile; fileRef = EBE02A0D19548B2100DA76FE /* H7channelCell.m */; };
		EBF0107D19644E910014DC55 /* H7MosalslatScore.m in Sources */ = {isa = PBXBuildFile; fileRef = EBF0107C19644E910014DC55 /* H7MosalslatScore.m */; };
/* End PBXBuildFile section */

/* Begin PBXContainerItemProxy section */
		EB1A3C1518E22487009F51BA /* PBXContainerItemProxy */ = {
			isa = PBXContainerItemProxy;
			containerPortal = EB1A3BE718E22486009F51BA /* Project object */;
			proxyType = 1;
			remoteGlobalIDString = EB1A3BEE18E22486009F51BA;
			remoteInfo = TheColorsConcorenza;
		};
/* End PBXContainerItemProxy section */

/* Begin PBXFileReference section */
		D88E37A495314A0F95DC81C4 /* Pods.xcconfig */ = {isa = PBXFileReference; includeInIndex = 1; lastKnownFileType = text.xcconfig; name = Pods.xcconfig; path = Pods/Pods.xcconfig; sourceTree = "<group>"; };
		DE7A9E11FB0845E7B39C747D /* libPods.a */ = {isa = PBXFileReference; explicitFileType = archive.ar; includeInIndex = 0; path = libPods.a; sourceTree = BUILT_PRODUCTS_DIR; };
		EB0502F11924B8C400CDE84E /* SystemConfiguration.framework */ = {isa = PBXFileReference; lastKnownFileType = wrapper.framework; name = SystemConfiguration.framework; path = System/Library/Frameworks/SystemConfiguration.framework; sourceTree = SDKROOT; };
		EB0502F31924B8CF00CDE84E /* MobileCoreServices.framework */ = {isa = PBXFileReference; lastKnownFileType = wrapper.framework; name = MobileCoreServices.framework; path = System/Library/Frameworks/MobileCoreServices.framework; sourceTree = SDKROOT; };
		EB0502F51924B8DB00CDE84E /* CoreTelephony.framework */ = {isa = PBXFileReference; lastKnownFileType = wrapper.framework; name = CoreTelephony.framework; path = System/Library/Frameworks/CoreTelephony.framework; sourceTree = SDKROOT; };
		EB0502FB1924BF0100CDE84E /* CoreLocation.framework */ = {isa = PBXFileReference; lastKnownFileType = wrapper.framework; name = CoreLocation.framework; path = System/Library/Frameworks/CoreLocation.framework; sourceTree = SDKROOT; };
		EB0C5287193F25E500B621AD /* Images.xcassets */ = {isa = PBXFileReference; lastKnownFileType = folder.assetcatalog; path = Images.xcassets; sourceTree = "<group>"; };
		EB0C5289193F346600B621AD /* locked_card.png */ = {isa = PBXFileReference; lastKnownFileType = image.png; path = locked_card.png; sourceTree = "<group>"; };
		EB0C52941940994200B621AD /* H7CardSinglton.h */ = {isa = PBXFileReference; fileEncoding = 4; lastKnownFileType = sourcecode.c.h; path = H7CardSinglton.h; sourceTree = "<group>"; };
		EB0C52951940994200B621AD /* H7CardSinglton.m */ = {isa = PBXFileReference; fileEncoding = 4; lastKnownFileType = sourcecode.c.objc; path = H7CardSinglton.m; sourceTree = "<group>"; };
		EB1A3BEF18E22486009F51BA /* TheColorsConcorenza.app */ = {isa = PBXFileReference; explicitFileType = wrapper.application; includeInIndex = 0; path = TheColorsConcorenza.app; sourceTree = BUILT_PRODUCTS_DIR; };
		EB1A3BF218E22486009F51BA /* Foundation.framework */ = {isa = PBXFileReference; lastKnownFileType = wrapper.framework; name = Foundation.framework; path = System/Library/Frameworks/Foundation.framework; sourceTree = SDKROOT; };
		EB1A3BF418E22487009F51BA /* CoreGraphics.framework */ = {isa = PBXFileReference; lastKnownFileType = wrapper.framework; name = CoreGraphics.framework; path = System/Library/Frameworks/CoreGraphics.framework; sourceTree = SDKROOT; };
		EB1A3BF618E22487009F51BA /* UIKit.framework */ = {isa = PBXFileReference; lastKnownFileType = wrapper.framework; name = UIKit.framework; path = System/Library/Frameworks/UIKit.framework; sourceTree = SDKROOT; };
		EB1A3BF818E22487009F51BA /* CoreData.framework */ = {isa = PBXFileReference; lastKnownFileType = wrapper.framework; name = CoreData.framework; path = System/Library/Frameworks/CoreData.framework; sourceTree = SDKROOT; };
		EB1A3BFC18E22487009F51BA /* TheColorsConcorenza-Info.plist */ = {isa = PBXFileReference; lastKnownFileType = text.plist.xml; path = "TheColorsConcorenza-Info.plist"; sourceTree = "<group>"; };
		EB1A3BFE18E22487009F51BA /* en */ = {isa = PBXFileReference; lastKnownFileType = text.plist.strings; name = en; path = en.lproj/InfoPlist.strings; sourceTree = "<group>"; };
		EB1A3C0018E22487009F51BA /* main.m */ = {isa = PBXFileReference; lastKnownFileType = sourcecode.c.objc; path = main.m; sourceTree = "<group>"; };
		EB1A3C0218E22487009F51BA /* TheColorsConcorenza-Prefix.pch */ = {isa = PBXFileReference; lastKnownFileType = sourcecode.c.h; path = "TheColorsConcorenza-Prefix.pch"; sourceTree = "<group>"; };
		EB1A3C0318E22487009F51BA /* H7AppDelegate.h */ = {isa = PBXFileReference; lastKnownFileType = sourcecode.c.h; path = H7AppDelegate.h; sourceTree = "<group>"; };
		EB1A3C0418E22487009F51BA /* H7AppDelegate.m */ = {isa = PBXFileReference; lastKnownFileType = sourcecode.c.objc; path = H7AppDelegate.m; sourceTree = "<group>"; };
		EB1A3C0718E22487009F51BA /* TheColorsConcorenza.xcdatamodel */ = {isa = PBXFileReference; lastKnownFileType = wrapper.xcdatamodel; path = TheColorsConcorenza.xcdatamodel; sourceTree = "<group>"; };
		EB1A3C0F18E22487009F51BA /* TheColorsConcorenzaTests.xctest */ = {isa = PBXFileReference; explicitFileType = wrapper.cfbundle; includeInIndex = 0; path = TheColorsConcorenzaTests.xctest; sourceTree = BUILT_PRODUCTS_DIR; };
		EB1A3C1018E22487009F51BA /* XCTest.framework */ = {isa = PBXFileReference; lastKnownFileType = wrapper.framework; name = XCTest.framework; path = Library/Frameworks/XCTest.framework; sourceTree = DEVELOPER_DIR; };
		EB1A3C1918E22487009F51BA /* TheColorsConcorenzaTests-Info.plist */ = {isa = PBXFileReference; lastKnownFileType = text.plist.xml; path = "TheColorsConcorenzaTests-Info.plist"; sourceTree = "<group>"; };
		EB1A3C1B18E22487009F51BA /* en */ = {isa = PBXFileReference; lastKnownFileType = text.plist.strings; name = en; path = en.lproj/InfoPlist.strings; sourceTree = "<group>"; };
		EB1A3C1D18E22487009F51BA /* TheColorsConcorenzaTests.m */ = {isa = PBXFileReference; lastKnownFileType = sourcecode.c.objc; path = TheColorsConcorenzaTests.m; sourceTree = "<group>"; };
		EB1A3C2718E2249E009F51BA /* Main.storyboard */ = {isa = PBXFileReference; fileEncoding = 4; lastKnownFileType = file.storyboard; path = Main.storyboard; sourceTree = "<group>"; };
		EB1AD4FF193DC80C00F84229 /* Bird1.png */ = {isa = PBXFileReference; lastKnownFileType = image.png; path = Bird1.png; sourceTree = "<group>"; };
		EB1AD503193DC8E200F84229 /* Bird2.png */ = {isa = PBXFileReference; lastKnownFileType = image.png; path = Bird2.png; sourceTree = "<group>"; };
		EB1AD56A193DCD8D00F84229 /* F3HNumberTileGameViewController.h */ = {isa = PBXFileReference; fileEncoding = 4; lastKnownFileType = sourcecode.c.h; path = F3HNumberTileGameViewController.h; sourceTree = "<group>"; };
		EB1AD56B193DCD8D00F84229 /* F3HNumberTileGameViewController.m */ = {isa = PBXFileReference; fileEncoding = 4; lastKnownFileType = sourcecode.c.objc; path = F3HNumberTileGameViewController.m; sourceTree = "<group>"; };
		EB1AD56C193DCD8D00F84229 /* F3HTileAppearanceProvider.h */ = {isa = PBXFileReference; fileEncoding = 4; lastKnownFileType = sourcecode.c.h; path = F3HTileAppearanceProvider.h; sourceTree = "<group>"; };
		EB1AD56D193DCD8D00F84229 /* F3HTileAppearanceProvider.m */ = {isa = PBXFileReference; fileEncoding = 4; lastKnownFileType = sourcecode.c.objc; path = F3HTileAppearanceProvider.m; sourceTree = "<group>"; };
		EB1AD56E193DCD8D00F84229 /* F3HViewController.h */ = {isa = PBXFileReference; fileEncoding = 4; lastKnownFileType = sourcecode.c.h; path = F3HViewController.h; sourceTree = "<group>"; };
		EB1AD56F193DCD8D00F84229 /* F3HViewController.m */ = {isa = PBXFileReference; fileEncoding = 4; lastKnownFileType = sourcecode.c.objc; path = F3HViewController.m; sourceTree = "<group>"; };
		EB1AD571193DCD8D00F84229 /* F3HGameModel.h */ = {isa = PBXFileReference; fileEncoding = 4; lastKnownFileType = sourcecode.c.h; path = F3HGameModel.h; sourceTree = "<group>"; };
		EB1AD572193DCD8D00F84229 /* F3HGameModel.m */ = {isa = PBXFileReference; fileEncoding = 4; lastKnownFileType = sourcecode.c.objc; path = F3HGameModel.m; sourceTree = "<group>"; };
		EB1AD573193DCD8D00F84229 /* F3HMergeTile.h */ = {isa = PBXFileReference; fileEncoding = 4; lastKnownFileType = sourcecode.c.h; path = F3HMergeTile.h; sourceTree = "<group>"; };
		EB1AD574193DCD8D00F84229 /* F3HMergeTile.m */ = {isa = PBXFileReference; fileEncoding = 4; lastKnownFileType = sourcecode.c.objc; path = F3HMergeTile.m; sourceTree = "<group>"; };
		EB1AD575193DCD8D00F84229 /* F3HMoveOrder.h */ = {isa = PBXFileReference; fileEncoding = 4; lastKnownFileType = sourcecode.c.h; path = F3HMoveOrder.h; sourceTree = "<group>"; };
		EB1AD576193DCD8D00F84229 /* F3HMoveOrder.m */ = {isa = PBXFileReference; fileEncoding = 4; lastKnownFileType = sourcecode.c.objc; path = F3HMoveOrder.m; sourceTree = "<group>"; };
		EB1AD577193DCD8D00F84229 /* F3HQueueCommand.h */ = {isa = PBXFileReference; fileEncoding = 4; lastKnownFileType = sourcecode.c.h; path = F3HQueueCommand.h; sourceTree = "<group>"; };
		EB1AD578193DCD8D00F84229 /* F3HQueueCommand.m */ = {isa = PBXFileReference; fileEncoding = 4; lastKnownFileType = sourcecode.c.objc; path = F3HQueueCommand.m; sourceTree = "<group>"; };
		EB1AD579193DCD8D00F84229 /* F3HTileModel.h */ = {isa = PBXFileReference; fileEncoding = 4; lastKnownFileType = sourcecode.c.h; path = F3HTileModel.h; sourceTree = "<group>"; };
		EB1AD57A193DCD8D00F84229 /* F3HTileModel.m */ = {isa = PBXFileReference; fileEncoding = 4; lastKnownFileType = sourcecode.c.objc; path = F3HTileModel.m; sourceTree = "<group>"; };
		EB1AD57C193DCD8D00F84229 /* F3HControlView.h */ = {isa = PBXFileReference; fileEncoding = 4; lastKnownFileType = sourcecode.c.h; path = F3HControlView.h; sourceTree = "<group>"; };
		EB1AD57D193DCD8D00F84229 /* F3HControlView.m */ = {isa = PBXFileReference; fileEncoding = 4; lastKnownFileType = sourcecode.c.objc; path = F3HControlView.m; sourceTree = "<group>"; };
		EB1AD57E193DCD8D00F84229 /* F3HGameboardView.h */ = {isa = PBXFileReference; fileEncoding = 4; lastKnownFileType = sourcecode.c.h; path = F3HGameboardView.h; sourceTree = "<group>"; };
		EB1AD57F193DCD8D00F84229 /* F3HGameboardView.m */ = {isa = PBXFileReference; fileEncoding = 4; lastKnownFileType = sourcecode.c.objc; path = F3HGameboardView.m; sourceTree = "<group>"; };
		EB1AD580193DCD8D00F84229 /* F3HScoreView.h */ = {isa = PBXFileReference; fileEncoding = 4; lastKnownFileType = sourcecode.c.h; path = F3HScoreView.h; sourceTree = "<group>"; };
		EB1AD581193DCD8D00F84229 /* F3HScoreView.m */ = {isa = PBXFileReference; fileEncoding = 4; lastKnownFileType = sourcecode.c.objc; path = F3HScoreView.m; sourceTree = "<group>"; };
		EB1AD582193DCD8D00F84229 /* F3HTileView.h */ = {isa = PBXFileReference; fileEncoding = 4; lastKnownFileType = sourcecode.c.h; path = F3HTileView.h; sourceTree = "<group>"; };
		EB1AD583193DCD8D00F84229 /* F3HTileView.m */ = {isa = PBXFileReference; fileEncoding = 4; lastKnownFileType = sourcecode.c.objc; path = F3HTileView.m; sourceTree = "<group>"; };
		EB4A13EB1949C1F900A10889 /* bg_all_5.png */ = {isa = PBXFileReference; lastKnownFileType = image.png; path = bg_all_5.png; sourceTree = "<group>"; };
		EB65A1F318FC25C700AAAAB4 /* H7TabBarController.h */ = {isa = PBXFileReference; fileEncoding = 4; lastKnownFileType = sourcecode.c.h; path = H7TabBarController.h; sourceTree = "<group>"; };
		EB65A1F418FC25C700AAAAB4 /* H7TabBarController.m */ = {isa = PBXFileReference; fileEncoding = 4; lastKnownFileType = sourcecode.c.objc; path = H7TabBarController.m; sourceTree = "<group>"; };
		EB66170A194EF85400E33FA5 /* H7MosalslatQuizStart.h */ = {isa = PBXFileReference; fileEncoding = 4; lastKnownFileType = sourcecode.c.h; path = H7MosalslatQuizStart.h; sourceTree = "<group>"; };
		EB66170B194EF85400E33FA5 /* H7MosalslatQuizStart.m */ = {isa = PBXFileReference; fileEncoding = 4; lastKnownFileType = sourcecode.c.objc; path = H7MosalslatQuizStart.m; sourceTree = "<group>"; };
		EB75D3EB194F3E200076628E /* H7choicesCell.h */ = {isa = PBXFileReference; fileEncoding = 4; lastKnownFileType = sourcecode.c.h; path = H7choicesCell.h; sourceTree = "<group>"; };
		EB75D3EC194F3E200076628E /* H7choicesCell.m */ = {isa = PBXFileReference; fileEncoding = 4; lastKnownFileType = sourcecode.c.objc; path = H7choicesCell.m; sourceTree = "<group>"; };
		EB75D3EE1950F38F0076628E /* me_bg_5.png */ = {isa = PBXFileReference; lastKnownFileType = image.png; path = me_bg_5.png; sourceTree = "<group>"; };
		EB7BBA861917A32C00280FAB /* H7ScoreboardCell.h */ = {isa = PBXFileReference; fileEncoding = 4; lastKnownFileType = sourcecode.c.h; path = H7ScoreboardCell.h; sourceTree = "<group>"; };
		EB7BBA871917A32C00280FAB /* H7ScoreboardCell.m */ = {isa = PBXFileReference; fileEncoding = 4; lastKnownFileType = sourcecode.c.objc; path = H7ScoreboardCell.m; sourceTree = "<group>"; };
		EB9933DF18F2EF9000EE700C /* H7NotificationCell.h */ = {isa = PBXFileReference; fileEncoding = 4; lastKnownFileType = sourcecode.c.h; path = H7NotificationCell.h; sourceTree = "<group>"; };
		EB9933E018F2EF9000EE700C /* H7NotificationCell.m */ = {isa = PBXFileReference; fileEncoding = 4; lastKnownFileType = sourcecode.c.objc; path = H7NotificationCell.m; sourceTree = "<group>"; };
		EB9C41B3193765C500549830 /* cards.json */ = {isa = PBXFileReference; fileEncoding = 4; lastKnownFileType = text.json; path = cards.json; sourceTree = "<group>"; };
		EB9C41B5193765E100549830 /* sponsor.json */ = {isa = PBXFileReference; fileEncoding = 4; lastKnownFileType = text.json; path = sponsor.json; sourceTree = "<group>"; };
		EB9C4412193C66F900549830 /* SpriteKit.framework */ = {isa = PBXFileReference; lastKnownFileType = wrapper.framework; name = SpriteKit.framework; path = System/Library/Frameworks/SpriteKit.framework; sourceTree = SDKROOT; };
		EB9C4491193CBFD000549830 /* Ground.png */ = {isa = PBXFileReference; lastKnownFileType = image.png; path = Ground.png; sourceTree = "<group>"; };
		EB9C4494193CBFD000549830 /* Pipe1.png */ = {isa = PBXFileReference; lastKnownFileType = image.png; path = Pipe1.png; sourceTree = "<group>"; };
		EB9C4495193CBFD000549830 /* Pipe2.png */ = {isa = PBXFileReference; lastKnownFileType = image.png; path = Pipe2.png; sourceTree = "<group>"; };
		EB9C4496193CBFD000549830 /* Skyline.png */ = {isa = PBXFileReference; lastKnownFileType = image.png; path = Skyline.png; sourceTree = "<group>"; };
		EB9C449F193CC14B00549830 /* FFViewController.h */ = {isa = PBXFileReference; fileEncoding = 4; lastKnownFileType = sourcecode.c.h; path = FFViewController.h; sourceTree = "<group>"; };
		EB9C44A0193CC14B00549830 /* FFViewController.m */ = {isa = PBXFileReference; fileEncoding = 4; lastKnownFileType = sourcecode.c.objc; path = FFViewController.m; sourceTree = "<group>"; };
		EB9C44A2193CC26600549830 /* FFScene.h */ = {isa = PBXFileReference; fileEncoding = 4; lastKnownFileType = sourcecode.c.h; path = FFScene.h; sourceTree = "<group>"; };
		EB9C44A3193CC26600549830 /* FFScene.m */ = {isa = PBXFileReference; fileEncoding = 4; lastKnownFileType = sourcecode.c.objc; path = FFScene.m; sourceTree = "<group>"; };
		EB9FAB08196034EF007595E8 /* bottle.png */ = {isa = PBXFileReference; lastKnownFileType = image.png; path = bottle.png; sourceTree = "<group>"; };
		EB9FAB09196034EF007595E8 /* bottle_glow.png */ = {isa = PBXFileReference; lastKnownFileType = image.png; path = bottle_glow.png; sourceTree = "<group>"; };
		EBAA09DF18F591AD00C6985B /* H7ConstantsModel.h */ = {isa = PBXFileReference; fileEncoding = 4; lastKnownFileType = sourcecode.c.h; path = H7ConstantsModel.h; sourceTree = "<group>"; };
		EBAA09E018F591AD00C6985B /* H7ConstantsModel.m */ = {isa = PBXFileReference; fileEncoding = 4; lastKnownFileType = sourcecode.c.objc; path = H7ConstantsModel.m; sourceTree = "<group>"; };
		EBAA09F118F6C24C00C6985B /* H7AddDataToManagedObject.h */ = {isa = PBXFileReference; fileEncoding = 4; lastKnownFileType = sourcecode.c.h; path = H7AddDataToManagedObject.h; sourceTree = "<group>"; };
		EBAA09F218F6C24C00C6985B /* H7AddDataToManagedObject.m */ = {isa = PBXFileReference; fileEncoding = 4; lastKnownFileType = sourcecode.c.objc; path = H7AddDataToManagedObject.m; sourceTree = "<group>"; };
		EBAA09F718F6E27000C6985B /* H7UIViewController.h */ = {isa = PBXFileReference; fileEncoding = 4; lastKnownFileType = sourcecode.c.h; path = H7UIViewController.h; sourceTree = "<group>"; };
		EBAA09F818F6E27000C6985B /* H7UIViewController.m */ = {isa = PBXFileReference; fileEncoding = 4; lastKnownFileType = sourcecode.c.objc; path = H7UIViewController.m; sourceTree = "<group>"; };
		EBAA09FA18F6EB5D00C6985B /* FacebookSDK.framework */ = {isa = PBXFileReference; lastKnownFileType = wrapper.framework; path = FacebookSDK.framework; sourceTree = "<group>"; };
		EBAA37AD1956D05100ED17A3 /* Level_0.json */ = {isa = PBXFileReference; fileEncoding = 4; lastKnownFileType = text.json; path = Level_0.json; sourceTree = "<group>"; };
		EBAA37AE1956D05100ED17A3 /* Level_1.json */ = {isa = PBXFileReference; fileEncoding = 4; lastKnownFileType = text.json; path = Level_1.json; sourceTree = "<group>"; };
		EBAA37AF1956D05100ED17A3 /* Level_2.json */ = {isa = PBXFileReference; fileEncoding = 4; lastKnownFileType = text.json; path = Level_2.json; sourceTree = "<group>"; };
		EBAA37B01956D05100ED17A3 /* Level_3.json */ = {isa = PBXFileReference; fileEncoding = 4; lastKnownFileType = text.json; path = Level_3.json; sourceTree = "<group>"; };
		EBAA37B11956D05100ED17A3 /* Level_4.json */ = {isa = PBXFileReference; fileEncoding = 4; lastKnownFileType = text.json; path = Level_4.json; sourceTree = "<group>"; };
		EBAA37B31956D05100ED17A3 /* MyScene.h */ = {isa = PBXFileReference; fileEncoding = 4; lastKnownFileType = sourcecode.c.h; name = MyScene.h; path = TheColorsConcorenza/Games/CookieCrunch/MyScene.h; sourceTree = SOURCE_ROOT; };
		EBAA37B41956D05100ED17A3 /* MyScene.m */ = {isa = PBXFileReference; fileEncoding = 4; lastKnownFileType = sourcecode.c.objc; name = MyScene.m; path = TheColorsConcorenza/Games/CookieCrunch/MyScene.m; sourceTree = SOURCE_ROOT; };
		EBAA37B51956D05100ED17A3 /* RWTChain.h */ = {isa = PBXFileReference; fileEncoding = 4; lastKnownFileType = sourcecode.c.h; name = RWTChain.h; path = TheColorsConcorenza/Games/CookieCrunch/RWTChain.h; sourceTree = SOURCE_ROOT; };
		EBAA37B61956D05100ED17A3 /* RWTChain.m */ = {isa = PBXFileReference; fileEncoding = 4; lastKnownFileType = sourcecode.c.objc; name = RWTChain.m; path = TheColorsConcorenza/Games/CookieCrunch/RWTChain.m; sourceTree = SOURCE_ROOT; };
		EBAA37B71956D05100ED17A3 /* RWTCookie.h */ = {isa = PBXFileReference; fileEncoding = 4; lastKnownFileType = sourcecode.c.h; name = RWTCookie.h; path = TheColorsConcorenza/Games/CookieCrunch/RWTCookie.h; sourceTree = SOURCE_ROOT; };
		EBAA37B81956D05100ED17A3 /* RWTCookie.m */ = {isa = PBXFileReference; fileEncoding = 4; lastKnownFileType = sourcecode.c.objc; name = RWTCookie.m; path = TheColorsConcorenza/Games/CookieCrunch/RWTCookie.m; sourceTree = SOURCE_ROOT; };
		EBAA37B91956D05100ED17A3 /* RWTLevel.h */ = {isa = PBXFileReference; fileEncoding = 4; lastKnownFileType = sourcecode.c.h; name = RWTLevel.h; path = TheColorsConcorenza/Games/CookieCrunch/RWTLevel.h; sourceTree = SOURCE_ROOT; };
		EBAA37BA1956D05100ED17A3 /* RWTLevel.m */ = {isa = PBXFileReference; fileEncoding = 4; lastKnownFileType = sourcecode.c.objc; name = RWTLevel.m; path = TheColorsConcorenza/Games/CookieCrunch/RWTLevel.m; sourceTree = SOURCE_ROOT; };
		EBAA37BB1956D05100ED17A3 /* RWTSwap.h */ = {isa = PBXFileReference; fileEncoding = 4; lastKnownFileType = sourcecode.c.h; name = RWTSwap.h; path = TheColorsConcorenza/Games/CookieCrunch/RWTSwap.h; sourceTree = SOURCE_ROOT; };
		EBAA37BC1956D05100ED17A3 /* RWTSwap.m */ = {isa = PBXFileReference; fileEncoding = 4; lastKnownFileType = sourcecode.c.objc; name = RWTSwap.m; path = TheColorsConcorenza/Games/CookieCrunch/RWTSwap.m; sourceTree = SOURCE_ROOT; };
		EBAA37BD1956D05100ED17A3 /* RWTTile.h */ = {isa = PBXFileReference; fileEncoding = 4; lastKnownFileType = sourcecode.c.h; name = RWTTile.h; path = TheColorsConcorenza/Games/CookieCrunch/RWTTile.h; sourceTree = SOURCE_ROOT; };
		EBAA37BE1956D05100ED17A3 /* RWTTile.m */ = {isa = PBXFileReference; fileEncoding = 4; lastKnownFileType = sourcecode.c.objc; name = RWTTile.m; path = TheColorsConcorenza/Games/CookieCrunch/RWTTile.m; sourceTree = SOURCE_ROOT; };
		EBAA37C01956D05100ED17A3 /* Chomp.wav */ = {isa = PBXFileReference; lastKnownFileType = audio.wav; path = Chomp.wav; sourceTree = "<group>"; };
		EBAA37C11956D05100ED17A3 /* Drip.wav */ = {isa = PBXFileReference; lastKnownFileType = audio.wav; path = Drip.wav; sourceTree = "<group>"; };
		EBAA37C21956D05100ED17A3 /* Error.wav */ = {isa = PBXFileReference; lastKnownFileType = audio.wav; path = Error.wav; sourceTree = "<group>"; };
		EBAA37C31956D05100ED17A3 /* Ka-Ching.wav */ = {isa = PBXFileReference; lastKnownFileType = audio.wav; path = "Ka-Ching.wav"; sourceTree = "<group>"; };
		EBAA37C41956D05100ED17A3 /* Mining by Moonlight.mp3 */ = {isa = PBXFileReference; lastKnownFileType = audio.mp3; path = "Mining by Moonlight.mp3"; sourceTree = "<group>"; };
		EBAA37C51956D05100ED17A3 /* Scrape.wav */ = {isa = PBXFileReference; lastKnownFileType = audio.wav; path = Scrape.wav; sourceTree = "<group>"; };
		EBAA37C61956D05100ED17A3 /* ViewController.h */ = {isa = PBXFileReference; fileEncoding = 4; lastKnownFileType = sourcecode.c.h; name = ViewController.h; path = TheColorsConcorenza/Games/CookieCrunch/ViewController.h; sourceTree = SOURCE_ROOT; };
		EBAA37C71956D05100ED17A3 /* ViewController.m */ = {isa = PBXFileReference; fileEncoding = 4; lastKnownFileType = sourcecode.c.objc; name = ViewController.m; path = TheColorsConcorenza/Games/CookieCrunch/ViewController.m; sourceTree = SOURCE_ROOT; };
		EBAE3C54192CF55600416880 /* AudioToolbox.framework */ = {isa = PBXFileReference; lastKnownFileType = wrapper.framework; name = AudioToolbox.framework; path = System/Library/Frameworks/AudioToolbox.framework; sourceTree = SDKROOT; };
		EBAE3C56192CF55C00416880 /* CFNetwork.framework */ = {isa = PBXFileReference; lastKnownFileType = wrapper.framework; name = CFNetwork.framework; path = System/Library/Frameworks/CFNetwork.framework; sourceTree = SDKROOT; };
		EBAE3C59192CF56A00416880 /* libz.dylib */ = {isa = PBXFileReference; lastKnownFileType = "compiled.mach-o.dylib"; name = libz.dylib; path = usr/lib/libz.dylib; sourceTree = SDKROOT; };
		EBAE3C5C192CF57500416880 /* QuartzCore.framework */ = {isa = PBXFileReference; lastKnownFileType = wrapper.framework; name = QuartzCore.framework; path = System/Library/Frameworks/QuartzCore.framework; sourceTree = SDKROOT; };
		EBAE3C5E192CF57A00416880 /* Security.framework */ = {isa = PBXFileReference; lastKnownFileType = wrapper.framework; name = Security.framework; path = System/Library/Frameworks/Security.framework; sourceTree = SDKROOT; };
		EBAE3C60192CF58100416880 /* StoreKit.framework */ = {isa = PBXFileReference; lastKnownFileType = wrapper.framework; name = StoreKit.framework; path = System/Library/Frameworks/StoreKit.framework; sourceTree = SDKROOT; };
		EBAE3CB6193356F200416880 /* H7Shahryar.h */ = {isa = PBXFileReference; fileEncoding = 4; lastKnownFileType = sourcecode.c.h; path = H7Shahryar.h; sourceTree = "<group>"; };
		EBAE3CB7193356F200416880 /* H7Shahryar.m */ = {isa = PBXFileReference; fileEncoding = 4; lastKnownFileType = sourcecode.c.objc; path = H7Shahryar.m; sourceTree = "<group>"; };
		EBAE3CB91933571E00416880 /* H7ManElQatel.h */ = {isa = PBXFileReference; fileEncoding = 4; lastKnownFileType = sourcecode.c.h; path = H7ManElQatel.h; sourceTree = "<group>"; };
		EBAE3CBA1933571E00416880 /* H7ManElQatel.m */ = {isa = PBXFileReference; fileEncoding = 4; lastKnownFileType = sourcecode.c.objc; path = H7ManElQatel.m; sourceTree = "<group>"; };
		EBAE3CBC1933576300416880 /* H7Mosalslat.h */ = {isa = PBXFileReference; fileEncoding = 4; lastKnownFileType = sourcecode.c.h; path = H7Mosalslat.h; sourceTree = "<group>"; };
		EBAE3CBD1933576300416880 /* H7Mosalslat.m */ = {isa = PBXFileReference; fileEncoding = 4; lastKnownFileType = sourcecode.c.objc; path = H7Mosalslat.m; sourceTree = "<group>"; };
		EBAE3CBF1933577300416880 /* H7SallySyamak.h */ = {isa = PBXFileReference; fileEncoding = 4; lastKnownFileType = sourcecode.c.h; path = H7SallySyamak.h; sourceTree = "<group>"; };
		EBAE3CC01933577300416880 /* H7SallySyamak.m */ = {isa = PBXFileReference; fileEncoding = 4; lastKnownFileType = sourcecode.c.objc; path = H7SallySyamak.m; sourceTree = "<group>"; };
		EBAE3CC61934853600416880 /* H7ManElQatelAudio.h */ = {isa = PBXFileReference; fileEncoding = 4; lastKnownFileType = sourcecode.c.h; path = H7ManElQatelAudio.h; sourceTree = "<group>"; };
		EBAE3CC71934853600416880 /* H7ManElQatelAudio.m */ = {isa = PBXFileReference; fileEncoding = 4; lastKnownFileType = sourcecode.c.objc; path = H7ManElQatelAudio.m; sourceTree = "<group>"; };
		EBAE3CCC1934A9CC00416880 /* H7MosalslatQuiz.h */ = {isa = PBXFileReference; fileEncoding = 4; lastKnownFileType = sourcecode.c.h; path = H7MosalslatQuiz.h; sourceTree = "<group>"; };
		EBAE3CCD1934A9CC00416880 /* H7MosalslatQuiz.m */ = {isa = PBXFileReference; fileEncoding = 4; lastKnownFileType = sourcecode.c.objc; path = H7MosalslatQuiz.m; sourceTree = "<group>"; };
		EBAE3CCF1934BA5000416880 /* H7ShahryarStory.h */ = {isa = PBXFileReference; fileEncoding = 4; lastKnownFileType = sourcecode.c.h; path = H7ShahryarStory.h; sourceTree = "<group>"; };
		EBAE3CD01934BA5000416880 /* H7ShahryarStory.m */ = {isa = PBXFileReference; fileEncoding = 4; lastKnownFileType = sourcecode.c.objc; path = H7ShahryarStory.m; sourceTree = "<group>"; };
		EBAE3CD31934C74300416880 /* appicon_120.png */ = {isa = PBXFileReference; lastKnownFileType = image.png; path = appicon_120.png; sourceTree = "<group>"; };
		EBAE3CD41934C74300416880 /* appicon_58.png */ = {isa = PBXFileReference; lastKnownFileType = image.png; path = appicon_58.png; sourceTree = "<group>"; };
		EBAE3CD51934C74300416880 /* appicon_80.png */ = {isa = PBXFileReference; lastKnownFileType = image.png; path = appicon_80.png; sourceTree = "<group>"; };
		EBAE3CD61934C74300416880 /* bg_4.png */ = {isa = PBXFileReference; lastKnownFileType = image.png; path = bg_4.png; sourceTree = "<group>"; };
		EBAE3CD71934C74300416880 /* bg_5.png */ = {isa = PBXFileReference; lastKnownFileType = image.png; path = bg_5.png; sourceTree = "<group>"; };
		EBAE3CD81934C74300416880 /* bg_all_4.png */ = {isa = PBXFileReference; lastKnownFileType = image.png; path = bg_all_4.png; sourceTree = "<group>"; };
		EBAE3E0A1934C74500416880 /* me_bg_4.png */ = {isa = PBXFileReference; lastKnownFileType = image.png; path = me_bg_4.png; sourceTree = "<group>"; };
		EBAE3E0B1934C74500416880 /* me_bg_4_logo.png */ = {isa = PBXFileReference; lastKnownFileType = image.png; path = me_bg_4_logo.png; sourceTree = "<group>"; };
		EBAE3E0C1934C74500416880 /* me_bg_4_logo_2.png */ = {isa = PBXFileReference; lastKnownFileType = image.png; path = me_bg_4_logo_2.png; sourceTree = "<group>"; };
		EBAE3E0D1934C74500416880 /* nav_bg.png */ = {isa = PBXFileReference; lastKnownFileType = image.png; path = nav_bg.png; sourceTree = "<group>"; };
		EBAE3ECC1934C78000416880 /* TabIcons30 */ = {isa = PBXFileReference; lastKnownFileType = folder; path = TabIcons30; sourceTree = "<group>"; };
		EBB2AC53192A221900FE4844 /* H7SponsorViewController.h */ = {isa = PBXFileReference; fileEncoding = 4; lastKnownFileType = sourcecode.c.h; name = H7SponsorViewController.h; path = TheColorsConcorenza/Views/H7SponsorViewController.h; sourceTree = SOURCE_ROOT; };
		EBB2AC54192A221900FE4844 /* H7SponsorViewController.m */ = {isa = PBXFileReference; fileEncoding = 4; lastKnownFileType = sourcecode.c.objc; name = H7SponsorViewController.m; path = TheColorsConcorenza/Views/H7SponsorViewController.m; sourceTree = SOURCE_ROOT; };
		EBB2AC56192A228E00FE4844 /* H7SponsorTableViewCell.h */ = {isa = PBXFileReference; fileEncoding = 4; lastKnownFileType = sourcecode.c.h; path = H7SponsorTableViewCell.h; sourceTree = "<group>"; };
		EBB2AC57192A228E00FE4844 /* H7SponsorTableViewCell.m */ = {isa = PBXFileReference; fileEncoding = 4; lastKnownFileType = sourcecode.c.objc; path = H7SponsorTableViewCell.m; sourceTree = "<group>"; };
		EBB2AC63192A764A00FE4844 /* H7ProgramViewController.h */ = {isa = PBXFileReference; fileEncoding = 4; lastKnownFileType = sourcecode.c.h; path = H7ProgramViewController.h; sourceTree = "<group>"; };
		EBB2AC64192A764A00FE4844 /* H7ProgramViewController.m */ = {isa = PBXFileReference; fileEncoding = 4; lastKnownFileType = sourcecode.c.objc; path = H7ProgramViewController.m; sourceTree = "<group>"; };
		EBB2ACB9192B5BE300FE4844 /* H7CollectionViewController.h */ = {isa = PBXFileReference; fileEncoding = 4; lastKnownFileType = sourcecode.c.h; name = H7CollectionViewController.h; path = TheColorsConcorenza/Views/H7CollectionViewController.h; sourceTree = SOURCE_ROOT; };
		EBB2ACBA192B5BE300FE4844 /* H7CollectionViewController.m */ = {isa = PBXFileReference; fileEncoding = 4; lastKnownFileType = sourcecode.c.objc; name = H7CollectionViewController.m; path = TheColorsConcorenza/Views/H7CollectionViewController.m; sourceTree = SOURCE_ROOT; };
		EBB2ACBD192B5BE300FE4844 /* H7MeViewController.h */ = {isa = PBXFileReference; fileEncoding = 4; lastKnownFileType = sourcecode.c.h; name = H7MeViewController.h; path = TheColorsConcorenza/Views/H7MeViewController.h; sourceTree = SOURCE_ROOT; };
		EBB2ACBE192B5BE300FE4844 /* H7MeViewController.m */ = {isa = PBXFileReference; fileEncoding = 4; lastKnownFileType = sourcecode.c.objc; name = H7MeViewController.m; path = TheColorsConcorenza/Views/H7MeViewController.m; sourceTree = SOURCE_ROOT; };
		EBB2ACBF192B5BE300FE4844 /* H7NotificationViewController.h */ = {isa = PBXFileReference; fileEncoding = 4; lastKnownFileType = sourcecode.c.h; name = H7NotificationViewController.h; path = TheColorsConcorenza/Views/H7NotificationViewController.h; sourceTree = SOURCE_ROOT; };
		EBB2ACC0192B5BE300FE4844 /* H7NotificationViewController.m */ = {isa = PBXFileReference; fileEncoding = 4; lastKnownFileType = sourcecode.c.objc; name = H7NotificationViewController.m; path = TheColorsConcorenza/Views/H7NotificationViewController.m; sourceTree = SOURCE_ROOT; };
		EBB2ACC1192B5BE300FE4844 /* H7ScoreboardViewController.h */ = {isa = PBXFileReference; fileEncoding = 4; lastKnownFileType = sourcecode.c.h; name = H7ScoreboardViewController.h; path = TheColorsConcorenza/Views/H7ScoreboardViewController.h; sourceTree = SOURCE_ROOT; };
		EBB2ACC2192B5BE300FE4844 /* H7ScoreboardViewController.m */ = {isa = PBXFileReference; fileEncoding = 4; lastKnownFileType = sourcecode.c.objc; name = H7ScoreboardViewController.m; path = TheColorsConcorenza/Views/H7ScoreboardViewController.m; sourceTree = SOURCE_ROOT; };
		EBB2AF10192CA0D200FE4844 /* tamer.jpeg */ = {isa = PBXFileReference; lastKnownFileType = image.jpeg; path = tamer.jpeg; sourceTree = "<group>"; };
		EBB2AF11192CA0D200FE4844 /* kbeer.jpeg */ = {isa = PBXFileReference; lastKnownFileType = image.jpeg; path = kbeer.jpeg; sourceTree = "<group>"; };
		EBB2AF12192CA0D200FE4844 /* fara7.jpg */ = {isa = PBXFileReference; lastKnownFileType = image.jpeg; path = fara7.jpg; sourceTree = "<group>"; };
		EBB8A10B195DA1AA00C83C7F /* FFStartView.h */ = {isa = PBXFileReference; fileEncoding = 4; lastKnownFileType = sourcecode.c.h; path = FFStartView.h; sourceTree = "<group>"; };
		EBB8A10C195DA1AA00C83C7F /* FFStartView.m */ = {isa = PBXFileReference; fileEncoding = 4; lastKnownFileType = sourcecode.c.objc; path = FFStartView.m; sourceTree = "<group>"; };
		EBB8A10E195DA1BC00C83C7F /* CCStartView.h */ = {isa = PBXFileReference; fileEncoding = 4; lastKnownFileType = sourcecode.c.h; path = CCStartView.h; sourceTree = SOURCE_ROOT; };
		EBB8A10F195DA1BC00C83C7F /* CCStartView.m */ = {isa = PBXFileReference; fileEncoding = 4; lastKnownFileType = sourcecode.c.objc; path = CCStartView.m; sourceTree = SOURCE_ROOT; };
		EBBF047F1944463900AFA2FC /* CategoriesIcons */ = {isa = PBXFileReference; lastKnownFileType = folder; path = CategoriesIcons; sourceTree = "<group>"; };
		EBBF048D1947312F00AFA2FC /* MediaPlayer.framework */ = {isa = PBXFileReference; lastKnownFileType = wrapper.framework; name = MediaPlayer.framework; path = System/Library/Frameworks/MediaPlayer.framework; sourceTree = SDKROOT; };
		EBBF04921947342900AFA2FC /* samir2.mp4 */ = {isa = PBXFileReference; lastKnownFileType = file; path = samir2.mp4; sourceTree = "<group>"; };
		EBBF0493194739B800AFA2FC /* vid */ = {isa = PBXFileReference; lastKnownFileType = folder; path = vid; sourceTree = "<group>"; };
		EBC0A1A31958662F00D0109A /* Grid.atlas */ = {isa = PBXFileReference; lastKnownFileType = folder.skatlas; path = Grid.atlas; sourceTree = SOURCE_ROOT; };
		EBC0A1A91959C12300D0109A /* logo.png */ = {isa = PBXFileReference; lastKnownFileType = image.png; path = logo.png; sourceTree = "<group>"; };
		EBC0E775194DAEBE0081D761 /* H7ShahryarFindTheBottle.h */ = {isa = PBXFileReference; fileEncoding = 4; lastKnownFileType = sourcecode.c.h; path = H7ShahryarFindTheBottle.h; sourceTree = "<group>"; };
		EBC0E776194DAEBE0081D761 /* H7ShahryarFindTheBottle.m */ = {isa = PBXFileReference; fileEncoding = 4; lastKnownFileType = sourcecode.c.objc; path = H7ShahryarFindTheBottle.m; sourceTree = "<group>"; };
		EBC3BBD31920ADDD00BCD2B0 /* Notification.h */ = {isa = PBXFileReference; fileEncoding = 4; lastKnownFileType = sourcecode.c.h; name = Notification.h; path = TheColorsConcorenza/Notification.h; sourceTree = SOURCE_ROOT; };
		EBC3BBD41920ADDD00BCD2B0 /* Notification.m */ = {isa = PBXFileReference; fileEncoding = 4; lastKnownFileType = sourcecode.c.objc; name = Notification.m; path = TheColorsConcorenza/Notification.m; sourceTree = SOURCE_ROOT; };
		EBC3BBD91920AE0600BCD2B0 /* CardAudio.h */ = {isa = PBXFileReference; fileEncoding = 4; lastKnownFileType = sourcecode.c.h; name = CardAudio.h; path = TheColorsConcorenza/CardAudio.h; sourceTree = SOURCE_ROOT; };
		EBC3BBDA1920AE0600BCD2B0 /* CardAudio.m */ = {isa = PBXFileReference; fileEncoding = 4; lastKnownFileType = sourcecode.c.objc; name = CardAudio.m; path = TheColorsConcorenza/CardAudio.m; sourceTree = SOURCE_ROOT; };
		EBC3BBDC1920AE0600BCD2B0 /* CardImage.h */ = {isa = PBXFileReference; fileEncoding = 4; lastKnownFileType = sourcecode.c.h; name = CardImage.h; path = TheColorsConcorenza/CardImage.h; sourceTree = SOURCE_ROOT; };
		EBC3BBDD1920AE0600BCD2B0 /* CardImage.m */ = {isa = PBXFileReference; fileEncoding = 4; lastKnownFileType = sourcecode.c.objc; name = CardImage.m; path = TheColorsConcorenza/CardImage.m; sourceTree = SOURCE_ROOT; };
		EBC3BBDF1920AE0600BCD2B0 /* CardGame.h */ = {isa = PBXFileReference; fileEncoding = 4; lastKnownFileType = sourcecode.c.h; name = CardGame.h; path = TheColorsConcorenza/CardGame.h; sourceTree = SOURCE_ROOT; };
		EBC3BBE01920AE0700BCD2B0 /* CardGame.m */ = {isa = PBXFileReference; fileEncoding = 4; lastKnownFileType = sourcecode.c.objc; name = CardGame.m; path = TheColorsConcorenza/CardGame.m; sourceTree = SOURCE_ROOT; };
		EBC3BBE21920AE0700BCD2B0 /* CardVideo.h */ = {isa = PBXFileReference; fileEncoding = 4; lastKnownFileType = sourcecode.c.h; name = CardVideo.h; path = TheColorsConcorenza/CardVideo.h; sourceTree = SOURCE_ROOT; };
		EBC3BBE31920AE0700BCD2B0 /* CardVideo.m */ = {isa = PBXFileReference; fileEncoding = 4; lastKnownFileType = sourcecode.c.objc; name = CardVideo.m; path = TheColorsConcorenza/CardVideo.m; sourceTree = SOURCE_ROOT; };
		EBC457E218FADDCB005ECE37 /* H7FacebookLoginView.h */ = {isa = PBXFileReference; fileEncoding = 4; lastKnownFileType = sourcecode.c.h; path = H7FacebookLoginView.h; sourceTree = "<group>"; };
		EBC457E318FADDCB005ECE37 /* H7FacebookLoginView.m */ = {isa = PBXFileReference; fileEncoding = 4; lastKnownFileType = sourcecode.c.objc; path = H7FacebookLoginView.m; sourceTree = "<group>"; };
		EBC4F4F518E85A4C00555416 /* H7FavouriteCategoryCell.h */ = {isa = PBXFileReference; fileEncoding = 4; lastKnownFileType = sourcecode.c.h; path = H7FavouriteCategoryCell.h; sourceTree = "<group>"; };
		EBC4F4F618E85A4C00555416 /* H7FavouriteCategoryCell.m */ = {isa = PBXFileReference; fileEncoding = 4; lastKnownFileType = sourcecode.c.objc; path = H7FavouriteCategoryCell.m; sourceTree = "<group>"; };
		EBD9E8F9196735D000702DBE /* MyCard.h */ = {isa = PBXFileReference; fileEncoding = 4; lastKnownFileType = sourcecode.c.h; path = MyCard.h; sourceTree = SOURCE_ROOT; };
		EBD9E8FA196735D000702DBE /* MyCard.m */ = {isa = PBXFileReference; fileEncoding = 4; lastKnownFileType = sourcecode.c.objc; path = MyCard.m; sourceTree = SOURCE_ROOT; };
		EBD9E8FC1968410100702DBE /* Sprites.atlas */ = {isa = PBXFileReference; lastKnownFileType = folder.skatlas; path = Sprites.atlas; sourceTree = SOURCE_ROOT; };
		EBD9E8FE1968590800702DBE /* H7DownloadShahryarEpisode.h */ = {isa = PBXFileReference; fileEncoding = 4; lastKnownFileType = sourcecode.c.h; path = H7DownloadShahryarEpisode.h; sourceTree = "<group>"; };
		EBD9E8FF1968590800702DBE /* H7DownloadShahryarEpisode.m */ = {isa = PBXFileReference; fileEncoding = 4; lastKnownFileType = sourcecode.c.objc; path = H7DownloadShahryarEpisode.m; sourceTree = "<group>"; };
		EBDF1A0D195F285900505D31 /* game1.png */ = {isa = PBXFileReference; lastKnownFileType = image.png; path = game1.png; sourceTree = "<group>"; };
		EBE029FD1951988C00DA76FE /* MyCategory.h */ = {isa = PBXFileReference; fileEncoding = 4; lastKnownFileType = sourcecode.c.h; name = MyCategory.h; path = TheColorsConcorenza/MyCategory.h; sourceTree = SOURCE_ROOT; };
		EBE029FE1951988C00DA76FE /* MyCategory.m */ = {isa = PBXFileReference; fileEncoding = 4; lastKnownFileType = sourcecode.c.objc; name = MyCategory.m; path = TheColorsConcorenza/MyCategory.m; sourceTree = SOURCE_ROOT; };
		EBE02A031952F3C800DA76FE /* SponsorPrograms.h */ = {isa = PBXFileReference; fileEncoding = 4; lastKnownFileType = sourcecode.c.h; path = SponsorPrograms.h; sourceTree = SOURCE_ROOT; };
		EBE02A041952F3C800DA76FE /* SponsorPrograms.m */ = {isa = PBXFileReference; fileEncoding = 4; lastKnownFileType = sourcecode.c.objc; path = SponsorPrograms.m; sourceTree = SOURCE_ROOT; };
		EBE02A0619530C2000DA76FE /* User.h */ = {isa = PBXFileReference; fileEncoding = 4; lastKnownFileType = sourcecode.c.h; path = User.h; sourceTree = "<group>"; };
		EBE02A0719530C2000DA76FE /* User.m */ = {isa = PBXFileReference; fileEncoding = 4; lastKnownFileType = sourcecode.c.objc; path = User.m; sourceTree = "<group>"; };
		EBE02A091954885A00DA76FE /* Channels.h */ = {isa = PBXFileReference; fileEncoding = 4; lastKnownFileType = sourcecode.c.h; path = Channels.h; sourceTree = SOURCE_ROOT; };
		EBE02A0A1954885A00DA76FE /* Channels.m */ = {isa = PBXFileReference; fileEncoding = 4; lastKnownFileType = sourcecode.c.objc; path = Channels.m; sourceTree = SOURCE_ROOT; };
		EBE02A0C19548B2100DA76FE /* H7channelCell.h */ = {isa = PBXFileReference; fileEncoding = 4; lastKnownFileType = sourcecode.c.h; path = H7channelCell.h; sourceTree = "<group>"; };
		EBE02A0D19548B2100DA76FE /* H7channelCell.m */ = {isa = PBXFileReference; fileEncoding = 4; lastKnownFileType = sourcecode.c.objc; path = H7channelCell.m; sourceTree = "<group>"; };
		EBF0107B19644E910014DC55 /* H7MosalslatScore.h */ = {isa = PBXFileReference; fileEncoding = 4; lastKnownFileType = sourcecode.c.h; path = H7MosalslatScore.h; sourceTree = "<group>"; };
		EBF0107C19644E910014DC55 /* H7MosalslatScore.m */ = {isa = PBXFileReference; fileEncoding = 4; lastKnownFileType = sourcecode.c.objc; path = H7MosalslatScore.m; sourceTree = "<group>"; };
/* End PBXFileReference section */

/* Begin PBXFrameworksBuildPhase section */
		EB1A3BEC18E22486009F51BA /* Frameworks */ = {
			isa = PBXFrameworksBuildPhase;
			buildActionMask = 2147483647;
			files = (
				EB9C4413193C66F900549830 /* SpriteKit.framework in Frameworks */,
				EBAE3C62192CF58600416880 /* SystemConfiguration.framework in Frameworks */,
				EBAE3C61192CF58100416880 /* StoreKit.framework in Frameworks */,
				EBAE3C5F192CF57A00416880 /* Security.framework in Frameworks */,
				EBAE3C5D192CF57500416880 /* QuartzCore.framework in Frameworks */,
				EBAE3C5B192CF56F00416880 /* MobileCoreServices.framework in Frameworks */,
				EBAE3C5A192CF56A00416880 /* libz.dylib in Frameworks */,
				EBAE3C58192CF56300416880 /* CoreLocation.framework in Frameworks */,
				EBAE3C57192CF55C00416880 /* CFNetwork.framework in Frameworks */,
				EBAE3C55192CF55600416880 /* AudioToolbox.framework in Frameworks */,
				EB1A3BF518E22487009F51BA /* CoreGraphics.framework in Frameworks */,
				EB1A3BF918E22487009F51BA /* CoreData.framework in Frameworks */,
				EB1A3BF718E22487009F51BA /* UIKit.framework in Frameworks */,
				EB1A3BF318E22486009F51BA /* Foundation.framework in Frameworks */,
				8F753E3A3AD7453B84B997E0 /* libPods.a in Frameworks */,
				EBAA09FB18F6EB5D00C6985B /* FacebookSDK.framework in Frameworks */,
			);
			runOnlyForDeploymentPostprocessing = 0;
		};
		EB1A3C0C18E22487009F51BA /* Frameworks */ = {
			isa = PBXFrameworksBuildPhase;
			buildActionMask = 2147483647;
			files = (
				EB1A3C1118E22487009F51BA /* XCTest.framework in Frameworks */,
				EB1A3C1418E22487009F51BA /* CoreData.framework in Frameworks */,
				EB1A3C1318E22487009F51BA /* UIKit.framework in Frameworks */,
				EB1A3C1218E22487009F51BA /* Foundation.framework in Frameworks */,
			);
			runOnlyForDeploymentPostprocessing = 0;
		};
/* End PBXFrameworksBuildPhase section */

/* Begin PBXGroup section */
		EB10DDD3190CFBB900427874 /* Coredata */ = {
			isa = PBXGroup;
			children = (
				EBC3BBE21920AE0700BCD2B0 /* CardVideo.h */,
				EBC3BBE31920AE0700BCD2B0 /* CardVideo.m */,
				EBC3BBDF1920AE0600BCD2B0 /* CardGame.h */,
				EBC3BBE01920AE0700BCD2B0 /* CardGame.m */,
				EBC3BBDC1920AE0600BCD2B0 /* CardImage.h */,
				EBC3BBDD1920AE0600BCD2B0 /* CardImage.m */,
				EBC3BBD91920AE0600BCD2B0 /* CardAudio.h */,
				EBC3BBDA1920AE0600BCD2B0 /* CardAudio.m */,
				EBC3BBD31920ADDD00BCD2B0 /* Notification.h */,
				EBC3BBD41920ADDD00BCD2B0 /* Notification.m */,
				EBE029FD1951988C00DA76FE /* MyCategory.h */,
				EBE029FE1951988C00DA76FE /* MyCategory.m */,
				EBE02A031952F3C800DA76FE /* SponsorPrograms.h */,
				EBE02A041952F3C800DA76FE /* SponsorPrograms.m */,
				EBE02A091954885A00DA76FE /* Channels.h */,
				EBE02A0A1954885A00DA76FE /* Channels.m */,
				EBD9E8F9196735D000702DBE /* MyCard.h */,
				EBD9E8FA196735D000702DBE /* MyCard.m */,
			);
			path = Coredata;
			sourceTree = "<group>";
		};
		EB1A3BE618E22486009F51BA = {
			isa = PBXGroup;
			children = (
				EB9C41B5193765E100549830 /* sponsor.json */,
				EB9C41B3193765C500549830 /* cards.json */,
				EB9C41BF193B78CB00549830 /* Games */,
				EBAE3CD21934C74300416880 /* Assets */,
				EB1A3BFA18E22487009F51BA /* TheColorsConcorenza */,
				EB1A3C1718E22487009F51BA /* TheColorsConcorenzaTests */,
				EB1A3BF118E22486009F51BA /* Frameworks */,
				EB1A3BF018E22486009F51BA /* Products */,
				D88E37A495314A0F95DC81C4 /* Pods.xcconfig */,
			);
			sourceTree = "<group>";
		};
		EB1A3BF018E22486009F51BA /* Products */ = {
			isa = PBXGroup;
			children = (
				EB1A3BEF18E22486009F51BA /* TheColorsConcorenza.app */,
				EB1A3C0F18E22487009F51BA /* TheColorsConcorenzaTests.xctest */,
			);
			name = Products;
			sourceTree = "<group>";
		};
		EB1A3BF118E22486009F51BA /* Frameworks */ = {
			isa = PBXGroup;
			children = (
				EBBF048D1947312F00AFA2FC /* MediaPlayer.framework */,
				EB9C4412193C66F900549830 /* SpriteKit.framework */,
				EBAE3C60192CF58100416880 /* StoreKit.framework */,
				EBAE3C5E192CF57A00416880 /* Security.framework */,
				EBAE3C5C192CF57500416880 /* QuartzCore.framework */,
				EBAE3C59192CF56A00416880 /* libz.dylib */,
				EBAE3C56192CF55C00416880 /* CFNetwork.framework */,
				EBAE3C54192CF55600416880 /* AudioToolbox.framework */,
				EB0502FB1924BF0100CDE84E /* CoreLocation.framework */,
				EB0502F51924B8DB00CDE84E /* CoreTelephony.framework */,
				EB0502F31924B8CF00CDE84E /* MobileCoreServices.framework */,
				EB0502F11924B8C400CDE84E /* SystemConfiguration.framework */,
				EBAA09FA18F6EB5D00C6985B /* FacebookSDK.framework */,
				EB1A3BF218E22486009F51BA /* Foundation.framework */,
				EB1A3BF418E22487009F51BA /* CoreGraphics.framework */,
				EB1A3BF618E22487009F51BA /* UIKit.framework */,
				EB1A3BF818E22487009F51BA /* CoreData.framework */,
				EB1A3C1018E22487009F51BA /* XCTest.framework */,
				DE7A9E11FB0845E7B39C747D /* libPods.a */,
			);
			name = Frameworks;
			sourceTree = "<group>";
		};
		EB1A3BFA18E22487009F51BA /* TheColorsConcorenza */ = {
			isa = PBXGroup;
			children = (
				EBBF04921947342900AFA2FC /* samir2.mp4 */,
				EB0C5287193F25E500B621AD /* Images.xcassets */,
				EBAA09DE18F5914900C6985B /* Models */,
				EBB2AF10192CA0D200FE4844 /* tamer.jpeg */,
				EBB2AF11192CA0D200FE4844 /* kbeer.jpeg */,
				EBB2AF12192CA0D200FE4844 /* fara7.jpg */,
				EB1A3C3718E225B0009F51BA /* Views */,
				EB1A3C0318E22487009F51BA /* H7AppDelegate.h */,
				EB1A3C0418E22487009F51BA /* H7AppDelegate.m */,
				EB10DDD3190CFBB900427874 /* Coredata */,
				EBE02A0619530C2000DA76FE /* User.h */,
				EBE02A0719530C2000DA76FE /* User.m */,
				EB1A3C0618E22487009F51BA /* TheColorsConcorenza.xcdatamodeld */,
				EB1A3C2718E2249E009F51BA /* Main.storyboard */,
				EB1A3BFB18E22487009F51BA /* Supporting Files */,
			);
			path = TheColorsConcorenza;
			sourceTree = "<group>";
		};
		EB1A3BFB18E22487009F51BA /* Supporting Files */ = {
			isa = PBXGroup;
			children = (
				EB1A3BFC18E22487009F51BA /* TheColorsConcorenza-Info.plist */,
				EB1A3BFD18E22487009F51BA /* InfoPlist.strings */,
				EB1A3C0018E22487009F51BA /* main.m */,
				EB1A3C0218E22487009F51BA /* TheColorsConcorenza-Prefix.pch */,
			);
			name = "Supporting Files";
			sourceTree = "<group>";
		};
		EB1A3C1718E22487009F51BA /* TheColorsConcorenzaTests */ = {
			isa = PBXGroup;
			children = (
				EB1A3C1D18E22487009F51BA /* TheColorsConcorenzaTests.m */,
				EB1A3C1818E22487009F51BA /* Supporting Files */,
			);
			path = TheColorsConcorenzaTests;
			sourceTree = "<group>";
		};
		EB1A3C1818E22487009F51BA /* Supporting Files */ = {
			isa = PBXGroup;
			children = (
				EB1A3C1918E22487009F51BA /* TheColorsConcorenzaTests-Info.plist */,
				EB1A3C1A18E22487009F51BA /* InfoPlist.strings */,
			);
			name = "Supporting Files";
			sourceTree = "<group>";
		};
		EB1A3C3718E225B0009F51BA /* Views */ = {
			isa = PBXGroup;
			children = (
				EBAE3CB5193356C800416880 /* CategoriesLogic */,
				EBB2AC62192A761400FE4844 /* SponsorSubViews */,
				EB5A901018EDABBE00C94597 /* MediaViews */,
				EB1A3C8418E40C3F009F51BA /* Cells */,
				EB1A3C8B18E42DC2009F51BA /* TabsController */,
				EBAA09F718F6E27000C6985B /* H7UIViewController.h */,
				EBAA09F818F6E27000C6985B /* H7UIViewController.m */,
				EBC457E218FADDCB005ECE37 /* H7FacebookLoginView.h */,
				EBC457E318FADDCB005ECE37 /* H7FacebookLoginView.m */,
				EB65A1F318FC25C700AAAAB4 /* H7TabBarController.h */,
				EB65A1F418FC25C700AAAAB4 /* H7TabBarController.m */,
			);
			path = Views;
			sourceTree = "<group>";
		};
		EB1A3C8418E40C3F009F51BA /* Cells */ = {
			isa = PBXGroup;
			children = (
				EBC4F4F518E85A4C00555416 /* H7FavouriteCategoryCell.h */,
				EBC4F4F618E85A4C00555416 /* H7FavouriteCategoryCell.m */,
				EB9933DF18F2EF9000EE700C /* H7NotificationCell.h */,
				EB9933E018F2EF9000EE700C /* H7NotificationCell.m */,
				EB7BBA861917A32C00280FAB /* H7ScoreboardCell.h */,
				EB7BBA871917A32C00280FAB /* H7ScoreboardCell.m */,
				EBB2AC56192A228E00FE4844 /* H7SponsorTableViewCell.h */,
				EBB2AC57192A228E00FE4844 /* H7SponsorTableViewCell.m */,
				EB75D3EB194F3E200076628E /* H7choicesCell.h */,
				EB75D3EC194F3E200076628E /* H7choicesCell.m */,
				EBE02A0C19548B2100DA76FE /* H7channelCell.h */,
				EBE02A0D19548B2100DA76FE /* H7channelCell.m */,
			);
			path = Cells;
			sourceTree = "<group>";
		};
		EB1A3C8B18E42DC2009F51BA /* TabsController */ = {
			isa = PBXGroup;
			children = (
				EBB2ACBD192B5BE300FE4844 /* H7MeViewController.h */,
				EBB2ACBE192B5BE300FE4844 /* H7MeViewController.m */,
				EBB2ACB9192B5BE300FE4844 /* H7CollectionViewController.h */,
				EBB2ACBA192B5BE300FE4844 /* H7CollectionViewController.m */,
				EBB2ACBF192B5BE300FE4844 /* H7NotificationViewController.h */,
				EBB2ACC0192B5BE300FE4844 /* H7NotificationViewController.m */,
				EBB2ACC1192B5BE300FE4844 /* H7ScoreboardViewController.h */,
				EBB2ACC2192B5BE300FE4844 /* H7ScoreboardViewController.m */,
				EBB2AC53192A221900FE4844 /* H7SponsorViewController.h */,
				EBB2AC54192A221900FE4844 /* H7SponsorViewController.m */,
			);
			path = TabsController;
			sourceTree = "<group>";
		};
		EB1AD567193DCD8D00F84229 /* NumberTileGame */ = {
			isa = PBXGroup;
			children = (
				EB1AD56A193DCD8D00F84229 /* F3HNumberTileGameViewController.h */,
				EB1AD56B193DCD8D00F84229 /* F3HNumberTileGameViewController.m */,
				EB1AD56C193DCD8D00F84229 /* F3HTileAppearanceProvider.h */,
				EB1AD56D193DCD8D00F84229 /* F3HTileAppearanceProvider.m */,
				EB1AD56E193DCD8D00F84229 /* F3HViewController.h */,
				EB1AD56F193DCD8D00F84229 /* F3HViewController.m */,
				EB1AD570193DCD8D00F84229 /* Models */,
				EB1AD57B193DCD8D00F84229 /* Views */,
			);
			path = NumberTileGame;
			sourceTree = "<group>";
		};
		EB1AD570193DCD8D00F84229 /* Models */ = {
			isa = PBXGroup;
			children = (
				EB1AD571193DCD8D00F84229 /* F3HGameModel.h */,
				EB1AD572193DCD8D00F84229 /* F3HGameModel.m */,
				EB1AD573193DCD8D00F84229 /* F3HMergeTile.h */,
				EB1AD574193DCD8D00F84229 /* F3HMergeTile.m */,
				EB1AD575193DCD8D00F84229 /* F3HMoveOrder.h */,
				EB1AD576193DCD8D00F84229 /* F3HMoveOrder.m */,
				EB1AD577193DCD8D00F84229 /* F3HQueueCommand.h */,
				EB1AD578193DCD8D00F84229 /* F3HQueueCommand.m */,
				EB1AD579193DCD8D00F84229 /* F3HTileModel.h */,
				EB1AD57A193DCD8D00F84229 /* F3HTileModel.m */,
			);
			path = Models;
			sourceTree = "<group>";
		};
		EB1AD57B193DCD8D00F84229 /* Views */ = {
			isa = PBXGroup;
			children = (
				EB1AD57C193DCD8D00F84229 /* F3HControlView.h */,
				EB1AD57D193DCD8D00F84229 /* F3HControlView.m */,
				EB1AD57E193DCD8D00F84229 /* F3HGameboardView.h */,
				EB1AD57F193DCD8D00F84229 /* F3HGameboardView.m */,
				EB1AD580193DCD8D00F84229 /* F3HScoreView.h */,
				EB1AD581193DCD8D00F84229 /* F3HScoreView.m */,
				EB1AD582193DCD8D00F84229 /* F3HTileView.h */,
				EB1AD583193DCD8D00F84229 /* F3HTileView.m */,
			);
			path = Views;
			sourceTree = "<group>";
		};
		EB5A901018EDABBE00C94597 /* MediaViews */ = {
			isa = PBXGroup;
			children = (
				EBAE3CC61934853600416880 /* H7ManElQatelAudio.h */,
				EBAE3CC71934853600416880 /* H7ManElQatelAudio.m */,
				EBAE3CCC1934A9CC00416880 /* H7MosalslatQuiz.h */,
				EBAE3CCD1934A9CC00416880 /* H7MosalslatQuiz.m */,
				EBAE3CCF1934BA5000416880 /* H7ShahryarStory.h */,
				EBAE3CD01934BA5000416880 /* H7ShahryarStory.m */,
				EBC0E775194DAEBE0081D761 /* H7ShahryarFindTheBottle.h */,
				EBC0E776194DAEBE0081D761 /* H7ShahryarFindTheBottle.m */,
				EB66170A194EF85400E33FA5 /* H7MosalslatQuizStart.h */,
				EB66170B194EF85400E33FA5 /* H7MosalslatQuizStart.m */,
				EBF0107B19644E910014DC55 /* H7MosalslatScore.h */,
				EBF0107C19644E910014DC55 /* H7MosalslatScore.m */,
				EBD9E8FE1968590800702DBE /* H7DownloadShahryarEpisode.h */,
				EBD9E8FF1968590800702DBE /* H7DownloadShahryarEpisode.m */,
			);
			path = MediaViews;
			sourceTree = "<group>";
		};
		EB9C41BF193B78CB00549830 /* Games */ = {
			isa = PBXGroup;
			children = (
				EB1AD567193DCD8D00F84229 /* NumberTileGame */,
				EB9C448C193CBFD000549830 /* FlappyBirdClone */,
				EB9C4414193C673B00549830 /* CookieCrunch */,
			);
			name = Games;
			path = TheColorsConcorenza/Games;
			sourceTree = "<group>";
		};
		EB9C4414193C673B00549830 /* CookieCrunch */ = {
			isa = PBXGroup;
			children = (
				EBD9E8FC1968410100702DBE /* Sprites.atlas */,
				EBC0A1A31958662F00D0109A /* Grid.atlas */,
				EBAA37AC1956D05100ED17A3 /* Levels */,
				EBAA37B31956D05100ED17A3 /* MyScene.h */,
				EBAA37B41956D05100ED17A3 /* MyScene.m */,
				EBAA37B51956D05100ED17A3 /* RWTChain.h */,
				EBAA37B61956D05100ED17A3 /* RWTChain.m */,
				EBAA37B71956D05100ED17A3 /* RWTCookie.h */,
				EBAA37B81956D05100ED17A3 /* RWTCookie.m */,
				EBAA37B91956D05100ED17A3 /* RWTLevel.h */,
				EBAA37BA1956D05100ED17A3 /* RWTLevel.m */,
				EBAA37BB1956D05100ED17A3 /* RWTSwap.h */,
				EBAA37BC1956D05100ED17A3 /* RWTSwap.m */,
				EBAA37BD1956D05100ED17A3 /* RWTTile.h */,
				EBAA37BE1956D05100ED17A3 /* RWTTile.m */,
				EBAA37BF1956D05100ED17A3 /* Sounds */,
				EBAA37C61956D05100ED17A3 /* ViewController.h */,
				EBAA37C71956D05100ED17A3 /* ViewController.m */,
				EBB8A10E195DA1BC00C83C7F /* CCStartView.h */,
				EBB8A10F195DA1BC00C83C7F /* CCStartView.m */,
			);
			name = CookieCrunch;
			path = "../../../../../../CookieCrunch-Final/CookieCrunch";
			sourceTree = "<group>";
		};
		EB9C448C193CBFD000549830 /* FlappyBirdClone */ = {
			isa = PBXGroup;
			children = (
				EB1AD503193DC8E200F84229 /* Bird2.png */,
				EB1AD4FF193DC80C00F84229 /* Bird1.png */,
				EB9C449F193CC14B00549830 /* FFViewController.h */,
				EB9C44A0193CC14B00549830 /* FFViewController.m */,
				EB9C44A2193CC26600549830 /* FFScene.h */,
				EB9C44A3193CC26600549830 /* FFScene.m */,
				EB9C4491193CBFD000549830 /* Ground.png */,
				EB9C4494193CBFD000549830 /* Pipe1.png */,
				EB9C4495193CBFD000549830 /* Pipe2.png */,
				EB9C4496193CBFD000549830 /* Skyline.png */,
				EBB8A10B195DA1AA00C83C7F /* FFStartView.h */,
				EBB8A10C195DA1AA00C83C7F /* FFStartView.m */,
			);
			path = FlappyBirdClone;
			sourceTree = "<group>";
		};
		EBAA09DE18F5914900C6985B /* Models */ = {
			isa = PBXGroup;
			children = (
				EBAA09DF18F591AD00C6985B /* H7ConstantsModel.h */,
				EBAA09E018F591AD00C6985B /* H7ConstantsModel.m */,
				EBAA09F118F6C24C00C6985B /* H7AddDataToManagedObject.h */,
				EBAA09F218F6C24C00C6985B /* H7AddDataToManagedObject.m */,
				EB0C52941940994200B621AD /* H7CardSinglton.h */,
				EB0C52951940994200B621AD /* H7CardSinglton.m */,
			);
			path = Models;
			sourceTree = "<group>";
		};
		EBAA37AC1956D05100ED17A3 /* Levels */ = {
			isa = PBXGroup;
			children = (
				EBAA37AD1956D05100ED17A3 /* Level_0.json */,
				EBAA37AE1956D05100ED17A3 /* Level_1.json */,
				EBAA37AF1956D05100ED17A3 /* Level_2.json */,
				EBAA37B01956D05100ED17A3 /* Level_3.json */,
				EBAA37B11956D05100ED17A3 /* Level_4.json */,
			);
			name = Levels;
			path = TheColorsConcorenza/Games/CookieCrunch/Levels;
			sourceTree = SOURCE_ROOT;
		};
		EBAA37BF1956D05100ED17A3 /* Sounds */ = {
			isa = PBXGroup;
			children = (
				EBAA37C01956D05100ED17A3 /* Chomp.wav */,
				EBAA37C11956D05100ED17A3 /* Drip.wav */,
				EBAA37C21956D05100ED17A3 /* Error.wav */,
				EBAA37C31956D05100ED17A3 /* Ka-Ching.wav */,
				EBAA37C41956D05100ED17A3 /* Mining by Moonlight.mp3 */,
				EBAA37C51956D05100ED17A3 /* Scrape.wav */,
			);
			name = Sounds;
			path = TheColorsConcorenza/Games/CookieCrunch/Sounds;
			sourceTree = SOURCE_ROOT;
		};
		EBAE3CB5193356C800416880 /* CategoriesLogic */ = {
			isa = PBXGroup;
			children = (
				EBAE3CB6193356F200416880 /* H7Shahryar.h */,
				EBAE3CB7193356F200416880 /* H7Shahryar.m */,
				EBAE3CB91933571E00416880 /* H7ManElQatel.h */,
				EBAE3CBA1933571E00416880 /* H7ManElQatel.m */,
				EBAE3CBC1933576300416880 /* H7Mosalslat.h */,
				EBAE3CBD1933576300416880 /* H7Mosalslat.m */,
				EBAE3CBF1933577300416880 /* H7SallySyamak.h */,
				EBAE3CC01933577300416880 /* H7SallySyamak.m */,
			);
			path = CategoriesLogic;
			sourceTree = "<group>";
		};
		EBAE3CD21934C74300416880 /* Assets */ = {
			isa = PBXGroup;
			children = (
				EB9FAB08196034EF007595E8 /* bottle.png */,
				EB9FAB09196034EF007595E8 /* bottle_glow.png */,
				EBDF1A0D195F285900505D31 /* game1.png */,
				EBC0A1A91959C12300D0109A /* logo.png */,
				EBBF0493194739B800AFA2FC /* vid */,
				EBBF047F1944463900AFA2FC /* CategoriesIcons */,
				EBAE3ECC1934C78000416880 /* TabIcons30 */,
				EBAE3CD31934C74300416880 /* appicon_120.png */,
				EBAE3CD41934C74300416880 /* appicon_58.png */,
				EBAE3CD51934C74300416880 /* appicon_80.png */,
				EBAE3CD61934C74300416880 /* bg_4.png */,
				EBAE3CD71934C74300416880 /* bg_5.png */,
				EBAE3CD81934C74300416880 /* bg_all_4.png */,
				EB4A13EB1949C1F900A10889 /* bg_all_5.png */,
				EBAE3E0B1934C74500416880 /* me_bg_4_logo.png */,
				EBAE3E0A1934C74500416880 /* me_bg_4.png */,
				EB75D3EE1950F38F0076628E /* me_bg_5.png */,
				EBAE3E0C1934C74500416880 /* me_bg_4_logo_2.png */,
				EBAE3E0D1934C74500416880 /* nav_bg.png */,
				EB0C5289193F346600B621AD /* locked_card.png */,
			);
			name = Assets;
			path = TheColorsConcorenza/Assets;
			sourceTree = "<group>";
		};
		EBB2AC62192A761400FE4844 /* SponsorSubViews */ = {
			isa = PBXGroup;
			children = (
				EBB2AC63192A764A00FE4844 /* H7ProgramViewController.h */,
				EBB2AC64192A764A00FE4844 /* H7ProgramViewController.m */,
			);
			path = SponsorSubViews;
			sourceTree = "<group>";
		};
/* End PBXGroup section */

/* Begin PBXNativeTarget section */
		EB1A3BEE18E22486009F51BA /* TheColorsConcorenza */ = {
			isa = PBXNativeTarget;
			buildConfigurationList = EB1A3C2118E22487009F51BA /* Build configuration list for PBXNativeTarget "TheColorsConcorenza" */;
			buildPhases = (
				2934EE3E370243EFAE5118CA /* Check Pods Manifest.lock */,
				EB1A3BEB18E22486009F51BA /* Sources */,
				EB1A3BEC18E22486009F51BA /* Frameworks */,
				EB1A3BED18E22486009F51BA /* Resources */,
				EFDC1C5FD1D34D8A8B61BFA3 /* Copy Pods Resources */,
			);
			buildRules = (
			);
			dependencies = (
			);
			name = TheColorsConcorenza;
			productName = TheColorsConcorenza;
			productReference = EB1A3BEF18E22486009F51BA /* TheColorsConcorenza.app */;
			productType = "com.apple.product-type.application";
		};
		EB1A3C0E18E22487009F51BA /* TheColorsConcorenzaTests */ = {
			isa = PBXNativeTarget;
			buildConfigurationList = EB1A3C2418E22487009F51BA /* Build configuration list for PBXNativeTarget "TheColorsConcorenzaTests" */;
			buildPhases = (
				EB1A3C0B18E22487009F51BA /* Sources */,
				EB1A3C0C18E22487009F51BA /* Frameworks */,
				EB1A3C0D18E22487009F51BA /* Resources */,
			);
			buildRules = (
			);
			dependencies = (
				EB1A3C1618E22487009F51BA /* PBXTargetDependency */,
			);
			name = TheColorsConcorenzaTests;
			productName = TheColorsConcorenzaTests;
			productReference = EB1A3C0F18E22487009F51BA /* TheColorsConcorenzaTests.xctest */;
			productType = "com.apple.product-type.bundle.unit-test";
		};
/* End PBXNativeTarget section */

/* Begin PBXProject section */
		EB1A3BE718E22486009F51BA /* Project object */ = {
			isa = PBXProject;
			attributes = {
				CLASSPREFIX = H7;
				LastUpgradeCheck = 0510;
				ORGANIZATIONNAME = "Heba Gamal";
				TargetAttributes = {
					EB1A3BEE18E22486009F51BA = {
						DevelopmentTeam = Z4N8S5DSYE;
					};
					EB1A3C0E18E22487009F51BA = {
						TestTargetID = EB1A3BEE18E22486009F51BA;
					};
				};
			};
			buildConfigurationList = EB1A3BEA18E22486009F51BA /* Build configuration list for PBXProject "TheColorsConcorenza" */;
			compatibilityVersion = "Xcode 3.2";
			developmentRegion = English;
			hasScannedForEncodings = 0;
			knownRegions = (
				en,
				Base,
			);
			mainGroup = EB1A3BE618E22486009F51BA;
			productRefGroup = EB1A3BF018E22486009F51BA /* Products */;
			projectDirPath = "";
			projectRoot = "";
			targets = (
				EB1A3BEE18E22486009F51BA /* TheColorsConcorenza */,
				EB1A3C0E18E22487009F51BA /* TheColorsConcorenzaTests */,
			);
		};
/* End PBXProject section */

/* Begin PBXResourcesBuildPhase section */
		EB1A3BED18E22486009F51BA /* Resources */ = {
			isa = PBXResourcesBuildPhase;
			buildActionMask = 2147483647;
			files = (
				EBAE3ECF1934C78000416880 /* TabIcons30 in Resources */,
				EBAA37C91956D05100ED17A3 /* Level_1.json in Resources */,
				EBB2AF14192CA0D200FE4844 /* kbeer.jpeg in Resources */,
				EBAA37CA1956D05100ED17A3 /* Level_2.json in Resources */,
				EBAE3E1C1934C74500416880 /* appicon_80.png in Resources */,
				EB9C41B6193765E100549830 /* sponsor.json in Resources */,
				EB9C449A193CBFD000549830 /* Ground.png in Resources */,
				EB1A3C2818E2249E009F51BA /* Main.storyboard in Resources */,
				EB9C449D193CBFD000549830 /* Pipe2.png in Resources */,
				EB9C449C193CBFD000549830 /* Pipe1.png in Resources */,
				EBAA37D81956D05100ED17A3 /* Mining by Moonlight.mp3 in Resources */,
				EBBF0494194739B800AFA2FC /* vid in Resources */,
				EBB2AF13192CA0D200FE4844 /* tamer.jpeg in Resources */,
				EBD9E8FD1968410100702DBE /* Sprites.atlas in Resources */,
				EBAE3EBC1934C74500416880 /* me_bg_4_logo.png in Resources */,
				EBBF04801944463900AFA2FC /* CategoriesIcons in Resources */,
				EB9FAB0A196034EF007595E8 /* bottle.png in Resources */,
				EB0C5288193F25E500B621AD /* Images.xcassets in Resources */,
				EB9FAB0B196034EF007595E8 /* bottle_glow.png in Resources */,
				EBAE3E1D1934C74500416880 /* bg_4.png in Resources */,
				EBAA37D51956D05100ED17A3 /* Drip.wav in Resources */,
				EB1AD504193DC8E200F84229 /* Bird2.png in Resources */,
				EB4A13EC1949C1F900A10889 /* bg_all_5.png in Resources */,
				EB9C41B4193765C600549830 /* cards.json in Resources */,
				EBDF1A0E195F285900505D31 /* game1.png in Resources */,
				EBAA37D91956D05100ED17A3 /* Scrape.wav in Resources */,
				EBAE3EBD1934C74500416880 /* me_bg_4_logo_2.png in Resources */,
				EBC0A1AA1959C12300D0109A /* logo.png in Resources */,
				EBAA37CC1956D05100ED17A3 /* Level_4.json in Resources */,
				EB1A3BFF18E22487009F51BA /* InfoPlist.strings in Resources */,
				EBAA37D71956D05100ED17A3 /* Ka-Ching.wav in Resources */,
				EBB2AF15192CA0D200FE4844 /* fara7.jpg in Resources */,
				EB75D3EF1950F38F0076628E /* me_bg_5.png in Resources */,
				EBAA37D61956D05100ED17A3 /* Error.wav in Resources */,
				EBAE3E1F1934C74500416880 /* bg_all_4.png in Resources */,
				EB0C528A193F346600B621AD /* locked_card.png in Resources */,
				EB9C449E193CBFD000549830 /* Skyline.png in Resources */,
				EBAE3EBE1934C74500416880 /* nav_bg.png in Resources */,
				EBAE3E1B1934C74500416880 /* appicon_58.png in Resources */,
				EBAA37D41956D05100ED17A3 /* Chomp.wav in Resources */,
				EBAE3E1E1934C74500416880 /* bg_5.png in Resources */,
				EBAA37C81956D05100ED17A3 /* Level_0.json in Resources */,
				EBC0A1A51958663000D0109A /* Grid.atlas in Resources */,
				EBAE3E1A1934C74500416880 /* appicon_120.png in Resources */,
				EB1AD500193DC80C00F84229 /* Bird1.png in Resources */,
				EBAE3EBB1934C74500416880 /* me_bg_4.png in Resources */,
				EBAA37CB1956D05100ED17A3 /* Level_3.json in Resources */,
			);
			runOnlyForDeploymentPostprocessing = 0;
		};
		EB1A3C0D18E22487009F51BA /* Resources */ = {
			isa = PBXResourcesBuildPhase;
			buildActionMask = 2147483647;
			files = (
				EB1A3C1C18E22487009F51BA /* InfoPlist.strings in Resources */,
			);
			runOnlyForDeploymentPostprocessing = 0;
		};
/* End PBXResourcesBuildPhase section */

/* Begin PBXShellScriptBuildPhase section */
		2934EE3E370243EFAE5118CA /* Check Pods Manifest.lock */ = {
			isa = PBXShellScriptBuildPhase;
			buildActionMask = 2147483647;
			files = (
			);
			inputPaths = (
			);
			name = "Check Pods Manifest.lock";
			outputPaths = (
			);
			runOnlyForDeploymentPostprocessing = 0;
			shellPath = /bin/sh;
			shellScript = "diff \"${PODS_ROOT}/../Podfile.lock\" \"${PODS_ROOT}/Manifest.lock\" > /dev/null\nif [[ $? != 0 ]] ; then\n    cat << EOM\nerror: The sandbox is not in sync with the Podfile.lock. Run 'pod install' or update your CocoaPods installation.\nEOM\n    exit 1\nfi\n";
			showEnvVarsInLog = 0;
		};
		EFDC1C5FD1D34D8A8B61BFA3 /* Copy Pods Resources */ = {
			isa = PBXShellScriptBuildPhase;
			buildActionMask = 2147483647;
			files = (
			);
			inputPaths = (
			);
			name = "Copy Pods Resources";
			outputPaths = (
			);
			runOnlyForDeploymentPostprocessing = 0;
			shellPath = /bin/sh;
			shellScript = "\"${SRCROOT}/Pods/Pods-resources.sh\"\n";
			showEnvVarsInLog = 0;
		};
/* End PBXShellScriptBuildPhase section */

/* Begin PBXSourcesBuildPhase section */
		EB1A3BEB18E22486009F51BA /* Sources */ = {
			isa = PBXSourcesBuildPhase;
			buildActionMask = 2147483647;
			files = (
				EBC457E418FADDCB005ECE37 /* H7FacebookLoginView.m in Sources */,
				EBB2ACC6192B5BE300FE4844 /* H7NotificationViewController.m in Sources */,
				EBE02A051952F3C800DA76FE /* SponsorPrograms.m in Sources */,
				EBB2ACC3192B5BE300FE4844 /* H7CollectionViewController.m in Sources */,
				EBAA09E118F591AD00C6985B /* H7ConstantsModel.m in Sources */,
				EBAA37CF1956D05100ED17A3 /* RWTChain.m in Sources */,
				EBC3BBD51920ADDD00BCD2B0 /* Notification.m in Sources */,
				EBB2AC55192A221900FE4844 /* H7SponsorViewController.m in Sources */,
				EB1AD58A193DCD8D00F84229 /* F3HMoveOrder.m in Sources */,
				EBC3BBE11920AE0700BCD2B0 /* CardGame.m in Sources */,
				EB66170C194EF85400E33FA5 /* H7MosalslatQuizStart.m in Sources */,
				EB1AD588193DCD8D00F84229 /* F3HGameModel.m in Sources */,
				EB1A3C0118E22487009F51BA /* main.m in Sources */,
				EBE02A0E19548B2100DA76FE /* H7channelCell.m in Sources */,
				EB1AD590193DCD8D00F84229 /* F3HTileView.m in Sources */,
				EB9C44A1193CC14B00549830 /* FFViewController.m in Sources */,
				EBE02A0819530C2000DA76FE /* User.m in Sources */,
				EBB8A110195DA1BC00C83C7F /* CCStartView.m in Sources */,
				EBB8A10D195DA1AA00C83C7F /* FFStartView.m in Sources */,
				EBAE3CBE1933576300416880 /* H7Mosalslat.m in Sources */,
				EBAE3CB8193356F200416880 /* H7Shahryar.m in Sources */,
				EBAA09F918F6E27000C6985B /* H7UIViewController.m in Sources */,
				EB1AD58B193DCD8D00F84229 /* F3HQueueCommand.m in Sources */,
				EBF0107D19644E910014DC55 /* H7MosalslatScore.m in Sources */,
				EB1AD586193DCD8D00F84229 /* F3HTileAppearanceProvider.m in Sources */,
				EBAA37D11956D05100ED17A3 /* RWTLevel.m in Sources */,
				EBB2AC65192A764A00FE4844 /* H7ProgramViewController.m in Sources */,
				EBAE3CCE1934A9CC00416880 /* H7MosalslatQuiz.m in Sources */,
				EBB2ACC5192B5BE300FE4844 /* H7MeViewController.m in Sources */,
				EBAE3CC11933577300416880 /* H7SallySyamak.m in Sources */,
				EB1AD589193DCD8D00F84229 /* F3HMergeTile.m in Sources */,
				EBC3BBDB1920AE0600BCD2B0 /* CardAudio.m in Sources */,
				EB1AD587193DCD8D00F84229 /* F3HViewController.m in Sources */,
				EB1AD58E193DCD8D00F84229 /* F3HGameboardView.m in Sources */,
				EBAA37D01956D05100ED17A3 /* RWTCookie.m in Sources */,
				EBD9E8FB196735D000702DBE /* MyCard.m in Sources */,
				EB7BBA881917A32C00280FAB /* H7ScoreboardCell.m in Sources */,
				EBC3BBDE1920AE0600BCD2B0 /* CardImage.m in Sources */,
				EBE02A0B1954885A00DA76FE /* Channels.m in Sources */,
				EBC0E777194DAEBE0081D761 /* H7ShahryarFindTheBottle.m in Sources */,
				EBC4F4F718E85A4C00555416 /* H7FavouriteCategoryCell.m in Sources */,
				EBB2AC58192A228E00FE4844 /* H7SponsorTableViewCell.m in Sources */,
				EB75D3ED194F3E200076628E /* H7choicesCell.m in Sources */,
				EBAE3CD11934BA5000416880 /* H7ShahryarStory.m in Sources */,
				EB1A3C0518E22487009F51BA /* H7AppDelegate.m in Sources */,
				EB1AD58D193DCD8D00F84229 /* F3HControlView.m in Sources */,
				EBAE3CBB1933571E00416880 /* H7ManElQatel.m in Sources */,
				EBC3BBE41920AE0700BCD2B0 /* CardVideo.m in Sources */,
				EB1AD58C193DCD8D00F84229 /* F3HTileModel.m in Sources */,
				EB1A3C0818E22487009F51BA /* TheColorsConcorenza.xcdatamodeld in Sources */,
				EBAA37D21956D05100ED17A3 /* RWTSwap.m in Sources */,
				EB9C44A4193CC26600549830 /* FFScene.m in Sources */,
				EBB2ACC7192B5BE300FE4844 /* H7ScoreboardViewController.m in Sources */,
				EB9933E118F2EF9000EE700C /* H7NotificationCell.m in Sources */,
				EBAA09F318F6C24C00C6985B /* H7AddDataToManagedObject.m in Sources */,
				EB65A1F518FC25C800AAAAB4 /* H7TabBarController.m in Sources */,
				EBD9E9001968590800702DBE /* H7DownloadShahryarEpisode.m in Sources */,
				EBAE3CC81934853600416880 /* H7ManElQatelAudio.m in Sources */,
				EBAA37CE1956D05100ED17A3 /* MyScene.m in Sources */,
				EB0C52961940994200B621AD /* H7CardSinglton.m in Sources */,
				EBE029FF1951988C00DA76FE /* MyCategory.m in Sources */,
				EB1AD58F193DCD8D00F84229 /* F3HScoreView.m in Sources */,
				EBAA37DA1956D05100ED17A3 /* ViewController.m in Sources */,
				EB1AD585193DCD8D00F84229 /* F3HNumberTileGameViewController.m in Sources */,
				EBAA37D31956D05100ED17A3 /* RWTTile.m in Sources */,
			);
			runOnlyForDeploymentPostprocessing = 0;
		};
		EB1A3C0B18E22487009F51BA /* Sources */ = {
			isa = PBXSourcesBuildPhase;
			buildActionMask = 2147483647;
			files = (
				EB1A3C1E18E22487009F51BA /* TheColorsConcorenzaTests.m in Sources */,
			);
			runOnlyForDeploymentPostprocessing = 0;
		};
/* End PBXSourcesBuildPhase section */

/* Begin PBXTargetDependency section */
		EB1A3C1618E22487009F51BA /* PBXTargetDependency */ = {
			isa = PBXTargetDependency;
			target = EB1A3BEE18E22486009F51BA /* TheColorsConcorenza */;
			targetProxy = EB1A3C1518E22487009F51BA /* PBXContainerItemProxy */;
		};
/* End PBXTargetDependency section */

/* Begin PBXVariantGroup section */
		EB1A3BFD18E22487009F51BA /* InfoPlist.strings */ = {
			isa = PBXVariantGroup;
			children = (
				EB1A3BFE18E22487009F51BA /* en */,
			);
			name = InfoPlist.strings;
			sourceTree = "<group>";
		};
		EB1A3C1A18E22487009F51BA /* InfoPlist.strings */ = {
			isa = PBXVariantGroup;
			children = (
				EB1A3C1B18E22487009F51BA /* en */,
			);
			name = InfoPlist.strings;
			sourceTree = "<group>";
		};
/* End PBXVariantGroup section */

/* Begin XCBuildConfiguration section */
		EB1A3C1F18E22487009F51BA /* Debug */ = {
			isa = XCBuildConfiguration;
			buildSettings = {
				ALWAYS_SEARCH_USER_PATHS = NO;
				CLANG_CXX_LANGUAGE_STANDARD = "gnu++0x";
				CLANG_CXX_LIBRARY = "libc++";
				CLANG_ENABLE_MODULES = YES;
				CLANG_ENABLE_OBJC_ARC = YES;
				CLANG_WARN_BOOL_CONVERSION = YES;
				CLANG_WARN_CONSTANT_CONVERSION = YES;
				CLANG_WARN_DIRECT_OBJC_ISA_USAGE = YES_ERROR;
				CLANG_WARN_EMPTY_BODY = YES;
				CLANG_WARN_ENUM_CONVERSION = YES;
				CLANG_WARN_INT_CONVERSION = YES;
				CLANG_WARN_OBJC_ROOT_CLASS = YES_ERROR;
				CLANG_WARN__DUPLICATE_METHOD_MATCH = YES;
				"CODE_SIGN_IDENTITY[sdk=iphoneos*]" = "iPhone Developer";
				COPY_PHASE_STRIP = NO;
				GCC_C_LANGUAGE_STANDARD = gnu99;
				GCC_DYNAMIC_NO_PIC = NO;
				GCC_OPTIMIZATION_LEVEL = 0;
				GCC_PREPROCESSOR_DEFINITIONS = (
					"DEBUG=1",
					"$(inherited)",
				);
				GCC_SYMBOLS_PRIVATE_EXTERN = NO;
				GCC_WARN_64_TO_32_BIT_CONVERSION = YES;
				GCC_WARN_ABOUT_RETURN_TYPE = YES_ERROR;
				GCC_WARN_UNDECLARED_SELECTOR = YES;
				GCC_WARN_UNINITIALIZED_AUTOS = YES;
				GCC_WARN_UNUSED_FUNCTION = YES;
				GCC_WARN_UNUSED_VARIABLE = YES;
				IPHONEOS_DEPLOYMENT_TARGET = 7.0;
				ONLY_ACTIVE_ARCH = YES;
				SDKROOT = iphoneos;
			};
			name = Debug;
		};
		EB1A3C2018E22487009F51BA /* Release */ = {
			isa = XCBuildConfiguration;
			buildSettings = {
				ALWAYS_SEARCH_USER_PATHS = NO;
				CLANG_CXX_LANGUAGE_STANDARD = "gnu++0x";
				CLANG_CXX_LIBRARY = "libc++";
				CLANG_ENABLE_MODULES = YES;
				CLANG_ENABLE_OBJC_ARC = YES;
				CLANG_WARN_BOOL_CONVERSION = YES;
				CLANG_WARN_CONSTANT_CONVERSION = YES;
				CLANG_WARN_DIRECT_OBJC_ISA_USAGE = YES_ERROR;
				CLANG_WARN_EMPTY_BODY = YES;
				CLANG_WARN_ENUM_CONVERSION = YES;
				CLANG_WARN_INT_CONVERSION = YES;
				CLANG_WARN_OBJC_ROOT_CLASS = YES_ERROR;
				CLANG_WARN__DUPLICATE_METHOD_MATCH = YES;
				"CODE_SIGN_IDENTITY[sdk=iphoneos*]" = "iPhone Developer";
				COPY_PHASE_STRIP = YES;
				ENABLE_NS_ASSERTIONS = NO;
				GCC_C_LANGUAGE_STANDARD = gnu99;
				GCC_WARN_64_TO_32_BIT_CONVERSION = YES;
				GCC_WARN_ABOUT_RETURN_TYPE = YES_ERROR;
				GCC_WARN_UNDECLARED_SELECTOR = YES;
				GCC_WARN_UNINITIALIZED_AUTOS = YES;
				GCC_WARN_UNUSED_FUNCTION = YES;
				GCC_WARN_UNUSED_VARIABLE = YES;
				IPHONEOS_DEPLOYMENT_TARGET = 7.0;
				SDKROOT = iphoneos;
				VALIDATE_PRODUCT = YES;
			};
			name = Release;
		};
		EB1A3C2218E22487009F51BA /* Debug */ = {
			isa = XCBuildConfiguration;
			baseConfigurationReference = D88E37A495314A0F95DC81C4 /* Pods.xcconfig */;
			buildSettings = {
				ASSETCATALOG_COMPILER_APPICON_NAME = AppIcon;
				ASSETCATALOG_COMPILER_LAUNCHIMAGE_NAME = LaunchImage;
				CODE_SIGN_IDENTITY = "iPhone Developer: Heba Gamal (9B48AATZWB)";
				"CODE_SIGN_IDENTITY[sdk=iphoneos*]" = "iPhone Developer";
				FRAMEWORK_SEARCH_PATHS = (
					"$(inherited)",
					"/Users/hebagamal/Desktop/iphone-workspace/Bonjour/TheColorsConcorenza-2",
					"$(PROJECT_DIR)",
					/Users/hebagamal/Desktop,
				);
				GCC_PRECOMPILE_PREFIX_HEADER = YES;
				GCC_PREFIX_HEADER = "TheColorsConcorenza/TheColorsConcorenza-Prefix.pch";
				INFOPLIST_FILE = "TheColorsConcorenza/TheColorsConcorenza-Info.plist";
				IPHONEOS_DEPLOYMENT_TARGET = 7.0;
				MACH_O_TYPE = mh_execute;
				ONLY_ACTIVE_ARCH = YES;
				PRODUCT_NAME = "$(TARGET_NAME)";
				PROVISIONING_PROFILE = "E86625B0-8019-417A-9F70-0601922EF003";
				SPRITEKIT_TEXTURE_ATLAS_OUTPUT = YES;
				TARGETED_DEVICE_FAMILY = 1;
				VALID_ARCHS = "arm64 armv7s armv7";
				WRAPPER_EXTENSION = app;
			};
			name = Debug;
		};
		EB1A3C2318E22487009F51BA /* Release */ = {
			isa = XCBuildConfiguration;
			baseConfigurationReference = D88E37A495314A0F95DC81C4 /* Pods.xcconfig */;
			buildSettings = {
				ASSETCATALOG_COMPILER_APPICON_NAME = AppIcon;
				ASSETCATALOG_COMPILER_LAUNCHIMAGE_NAME = LaunchImage;
				CODE_SIGN_IDENTITY = "iPhone Developer: Heba Gamal (9B48AATZWB)";
				"CODE_SIGN_IDENTITY[sdk=iphoneos*]" = "iPhone Developer";
				FRAMEWORK_SEARCH_PATHS = (
					"$(inherited)",
					"/Users/hebagamal/Desktop/iphone-workspace/Bonjour/TheColorsConcorenza-2",
					"$(PROJECT_DIR)",
					/Users/hebagamal/Desktop,
				);
				GCC_PRECOMPILE_PREFIX_HEADER = YES;
				GCC_PREFIX_HEADER = "TheColorsConcorenza/TheColorsConcorenza-Prefix.pch";
				INFOPLIST_FILE = "TheColorsConcorenza/TheColorsConcorenza-Info.plist";
				IPHONEOS_DEPLOYMENT_TARGET = 7.0;
				MACH_O_TYPE = mh_execute;
				ONLY_ACTIVE_ARCH = NO;
				PRODUCT_NAME = "$(TARGET_NAME)";
				PROVISIONING_PROFILE = "E86625B0-8019-417A-9F70-0601922EF003";
				SPRITEKIT_TEXTURE_ATLAS_OUTPUT = YES;
				TARGETED_DEVICE_FAMILY = 1;
				WRAPPER_EXTENSION = app;
			};
			name = Release;
		};
		EB1A3C2518E22487009F51BA /* Debug */ = {
			isa = XCBuildConfiguration;
			buildSettings = {
				BUNDLE_LOADER = "$(BUILT_PRODUCTS_DIR)/TheColorsConcorenza.app/TheColorsConcorenza";
				FRAMEWORK_SEARCH_PATHS = (
					"$(SDKROOT)/Developer/Library/Frameworks",
					"$(inherited)",
					"$(DEVELOPER_FRAMEWORKS_DIR)",
				);
				GCC_PRECOMPILE_PREFIX_HEADER = YES;
				GCC_PREFIX_HEADER = "TheColorsConcorenza/TheColorsConcorenza-Prefix.pch";
				GCC_PREPROCESSOR_DEFINITIONS = (
					"DEBUG=1",
					"$(inherited)",
				);
				INFOPLIST_FILE = "TheColorsConcorenzaTests/TheColorsConcorenzaTests-Info.plist";
				PRODUCT_NAME = "$(TARGET_NAME)";
				TEST_HOST = "$(BUNDLE_LOADER)";
				WRAPPER_EXTENSION = xctest;
			};
			name = Debug;
		};
		EB1A3C2618E22487009F51BA /* Release */ = {
			isa = XCBuildConfiguration;
			buildSettings = {
				BUNDLE_LOADER = "$(BUILT_PRODUCTS_DIR)/TheColorsConcorenza.app/TheColorsConcorenza";
				FRAMEWORK_SEARCH_PATHS = (
					"$(SDKROOT)/Developer/Library/Frameworks",
					"$(inherited)",
					"$(DEVELOPER_FRAMEWORKS_DIR)",
				);
				GCC_PRECOMPILE_PREFIX_HEADER = YES;
				GCC_PREFIX_HEADER = "TheColorsConcorenza/TheColorsConcorenza-Prefix.pch";
				INFOPLIST_FILE = "TheColorsConcorenzaTests/TheColorsConcorenzaTests-Info.plist";
				PRODUCT_NAME = "$(TARGET_NAME)";
				TEST_HOST = "$(BUNDLE_LOADER)";
				WRAPPER_EXTENSION = xctest;
			};
			name = Release;
		};
/* End XCBuildConfiguration section */

/* Begin XCConfigurationList section */
		EB1A3BEA18E22486009F51BA /* Build configuration list for PBXProject "TheColorsConcorenza" */ = {
			isa = XCConfigurationList;
			buildConfigurations = (
				EB1A3C1F18E22487009F51BA /* Debug */,
				EB1A3C2018E22487009F51BA /* Release */,
			);
			defaultConfigurationIsVisible = 0;
			defaultConfigurationName = Release;
		};
		EB1A3C2118E22487009F51BA /* Build configuration list for PBXNativeTarget "TheColorsConcorenza" */ = {
			isa = XCConfigurationList;
			buildConfigurations = (
				EB1A3C2218E22487009F51BA /* Debug */,
				EB1A3C2318E22487009F51BA /* Release */,
			);
			defaultConfigurationIsVisible = 0;
			defaultConfigurationName = Release;
		};
		EB1A3C2418E22487009F51BA /* Build configuration list for PBXNativeTarget "TheColorsConcorenzaTests" */ = {
			isa = XCConfigurationList;
			buildConfigurations = (
				EB1A3C2518E22487009F51BA /* Debug */,
				EB1A3C2618E22487009F51BA /* Release */,
			);
			defaultConfigurationIsVisible = 0;
			defaultConfigurationName = Release;
		};
/* End XCConfigurationList section */

/* Begin XCVersionGroup section */
		EB1A3C0618E22487009F51BA /* TheColorsConcorenza.xcdatamodeld */ = {
			isa = XCVersionGroup;
			children = (
				EB1A3C0718E22487009F51BA /* TheColorsConcorenza.xcdatamodel */,
			);
			currentVersion = EB1A3C0718E22487009F51BA /* TheColorsConcorenza.xcdatamodel */;
			path = TheColorsConcorenza.xcdatamodeld;
			sourceTree = "<group>";
			versionGroupType = wrapper.xcdatamodel;
		};
/* End XCVersionGroup section */
	};
	rootObject = EB1A3BE718E22486009F51BA /* Project object */;
}
